
Microsoft Visual Studio Solution File, Format Version 12.00
# Visual Studio Version 16
VisualStudioVersion = 16.0.31410.357
MinimumVisualStudioVersion = 10.0.40219.1
Project("{FAE04EC0-301F-11D3-BF4B-00C04F79EFBC}") = "Messaging", "Messaging\Messaging.csproj", "{6F347E80-9E9C-4754-85A2-EBBFC048FBBE}"
EndProject
Global
	GlobalSection(SolutionConfigurationPlatforms) = preSolution
		Debug|Any CPU = Debug|Any CPU
		Release|Any CPU = Release|Any CPU
	EndGlobalSection
	GlobalSection(ProjectConfigurationPlatforms) = postSolution
		{6F347E80-9E9C-4754-85A2-EBBFC048FBBE}.Debug|Any CPU.ActiveCfg = Debug|Any CPU
		{6F347E80-9E9C-4754-85A2-EBBFC048FBBE}.Debug|Any CPU.Build.0 = Debug|Any CPU
		{6F347E80-9E9C-4754-85A2-EBBFC048FBBE}.Release|Any CPU.ActiveCfg = Release|Any CPU
		{6F347E80-9E9C-4754-85A2-EBBFC048FBBE}.Release|Any CPU.Build.0 = Release|Any CPU
	EndGlobalSection
	GlobalSection(SolutionProperties) = preSolution
		HideSolutionNode = FALSE
	EndGlobalSection
	GlobalSection(ExtensibilityGlobals) = postSolution
		SolutionGuid = {C5254695-DB06-45F2-AB21-E0C11316E862}
	EndGlobalSection
EndGlobal
