
Microsoft Visual Studio Solution File, Format Version 12.00
# Visual Studio Version 16
VisualStudioVersion = 16.0.31410.357
MinimumVisualStudioVersion = 10.0.40219.1
Project("{9A19103F-16F7-4668-BE54-9A1E7A4F7556}") = "CountCharsInAString", "CountCharsInAString\CountCharsInAString.csproj", "{3B855B0E-5F41-4F0E-903D-79D002438AFD}"
EndProject
Project("{9A19103F-16F7-4668-BE54-9A1E7A4F7556}") = "AMinerTask", "AMinerTask\AMinerTask.csproj", "{05EBDDD0-1AAE-4C6E-A767-9A005CC02C55}"
EndProject
Project("{9A19103F-16F7-4668-BE54-9A1E7A4F7556}") = "LegendaryFarming", "LegendaryFarming\LegendaryFarming.csproj", "{528DE4EF-8069-457E-9C13-FB1943EECC75}"
EndProject
Project("{9A19103F-16F7-4668-BE54-9A1E7A4F7556}") = "Orders", "Orders\Orders.csproj", "{A15325B2-7C7B-426B-A92E-0CA036AFB087}"
EndProject
Project("{9A19103F-16F7-4668-BE54-9A1E7A4F7556}") = "SoftUniParking", "SoftUniParking\SoftUniParking.csproj", "{F4116540-E51F-4963-B456-63D184BC512A}"
EndProject
Project("{9A19103F-16F7-4668-BE54-9A1E7A4F7556}") = "Courses", "Courses\Courses.csproj", "{5527209A-B0AA-4D64-9D76-599C76B1F624}"
EndProject
Project("{9A19103F-16F7-4668-BE54-9A1E7A4F7556}") = "StudentAcademy", "StudentAcademy\StudentAcademy.csproj", "{4BBAA3E7-51C1-45CA-840A-1180DD7E01D0}"
EndProject
Project("{9A19103F-16F7-4668-BE54-9A1E7A4F7556}") = "CompanyUsers", "CompanyUsers\CompanyUsers.csproj", "{D5FAF80E-6A58-42CF-9C7C-79A240D18E2D}"
EndProject
Project("{FAE04EC0-301F-11D3-BF4B-00C04F79EFBC}") = "ForceBook", "ForceBook\ForceBook.csproj", "{AA7614C3-E794-4359-B1E0-BA91173B6010}"
EndProject
Project("{FAE04EC0-301F-11D3-BF4B-00C04F79EFBC}") = "SoftUniExamResults", "SoftUniExamResults\SoftUniExamResults.csproj", "{8F2F4539-3E76-40DB-9FC8-4AF29AF696DC}"
EndProject
Global
	GlobalSection(SolutionConfigurationPlatforms) = preSolution
		Debug|Any CPU = Debug|Any CPU
		Release|Any CPU = Release|Any CPU
	EndGlobalSection
	GlobalSection(ProjectConfigurationPlatforms) = postSolution
		{3B855B0E-5F41-4F0E-903D-79D002438AFD}.Debug|Any CPU.ActiveCfg = Debug|Any CPU
		{3B855B0E-5F41-4F0E-903D-79D002438AFD}.Debug|Any CPU.Build.0 = Debug|Any CPU
		{3B855B0E-5F41-4F0E-903D-79D002438AFD}.Release|Any CPU.ActiveCfg = Release|Any CPU
		{3B855B0E-5F41-4F0E-903D-79D002438AFD}.Release|Any CPU.Build.0 = Release|Any CPU
		{05EBDDD0-1AAE-4C6E-A767-9A005CC02C55}.Debug|Any CPU.ActiveCfg = Debug|Any CPU
		{05EBDDD0-1AAE-4C6E-A767-9A005CC02C55}.Debug|Any CPU.Build.0 = Debug|Any CPU
		{05EBDDD0-1AAE-4C6E-A767-9A005CC02C55}.Release|Any CPU.ActiveCfg = Release|Any CPU
		{05EBDDD0-1AAE-4C6E-A767-9A005CC02C55}.Release|Any CPU.Build.0 = Release|Any CPU
		{528DE4EF-8069-457E-9C13-FB1943EECC75}.Debug|Any CPU.ActiveCfg = Debug|Any CPU
		{528DE4EF-8069-457E-9C13-FB1943EECC75}.Debug|Any CPU.Build.0 = Debug|Any CPU
		{528DE4EF-8069-457E-9C13-FB1943EECC75}.Release|Any CPU.ActiveCfg = Release|Any CPU
		{528DE4EF-8069-457E-9C13-FB1943EECC75}.Release|Any CPU.Build.0 = Release|Any CPU
		{A15325B2-7C7B-426B-A92E-0CA036AFB087}.Debug|Any CPU.ActiveCfg = Debug|Any CPU
		{A15325B2-7C7B-426B-A92E-0CA036AFB087}.Debug|Any CPU.Build.0 = Debug|Any CPU
		{A15325B2-7C7B-426B-A92E-0CA036AFB087}.Release|Any CPU.ActiveCfg = Release|Any CPU
		{A15325B2-7C7B-426B-A92E-0CA036AFB087}.Release|Any CPU.Build.0 = Release|Any CPU
		{F4116540-E51F-4963-B456-63D184BC512A}.Debug|Any CPU.ActiveCfg = Debug|Any CPU
		{F4116540-E51F-4963-B456-63D184BC512A}.Debug|Any CPU.Build.0 = Debug|Any CPU
		{F4116540-E51F-4963-B456-63D184BC512A}.Release|Any CPU.ActiveCfg = Release|Any CPU
		{F4116540-E51F-4963-B456-63D184BC512A}.Release|Any CPU.Build.0 = Release|Any CPU
		{5527209A-B0AA-4D64-9D76-599C76B1F624}.Debug|Any CPU.ActiveCfg = Debug|Any CPU
		{5527209A-B0AA-4D64-9D76-599C76B1F624}.Debug|Any CPU.Build.0 = Debug|Any CPU
		{5527209A-B0AA-4D64-9D76-599C76B1F624}.Release|Any CPU.ActiveCfg = Release|Any CPU
		{5527209A-B0AA-4D64-9D76-599C76B1F624}.Release|Any CPU.Build.0 = Release|Any CPU
		{4BBAA3E7-51C1-45CA-840A-1180DD7E01D0}.Debug|Any CPU.ActiveCfg = Debug|Any CPU
		{4BBAA3E7-51C1-45CA-840A-1180DD7E01D0}.Debug|Any CPU.Build.0 = Debug|Any CPU
		{4BBAA3E7-51C1-45CA-840A-1180DD7E01D0}.Release|Any CPU.ActiveCfg = Release|Any CPU
		{4BBAA3E7-51C1-45CA-840A-1180DD7E01D0}.Release|Any CPU.Build.0 = Release|Any CPU
		{D5FAF80E-6A58-42CF-9C7C-79A240D18E2D}.Debug|Any CPU.ActiveCfg = Debug|Any CPU
		{D5FAF80E-6A58-42CF-9C7C-79A240D18E2D}.Debug|Any CPU.Build.0 = Debug|Any CPU
		{D5FAF80E-6A58-42CF-9C7C-79A240D18E2D}.Release|Any CPU.ActiveCfg = Release|Any CPU
		{D5FAF80E-6A58-42CF-9C7C-79A240D18E2D}.Release|Any CPU.Build.0 = Release|Any CPU
		{AA7614C3-E794-4359-B1E0-BA91173B6010}.Debug|Any CPU.ActiveCfg = Debug|Any CPU
		{AA7614C3-E794-4359-B1E0-BA91173B6010}.Debug|Any CPU.Build.0 = Debug|Any CPU
		{AA7614C3-E794-4359-B1E0-BA91173B6010}.Release|Any CPU.ActiveCfg = Release|Any CPU
		{AA7614C3-E794-4359-B1E0-BA91173B6010}.Release|Any CPU.Build.0 = Release|Any CPU
		{8F2F4539-3E76-40DB-9FC8-4AF29AF696DC}.Debug|Any CPU.ActiveCfg = Debug|Any CPU
		{8F2F4539-3E76-40DB-9FC8-4AF29AF696DC}.Debug|Any CPU.Build.0 = Debug|Any CPU
		{8F2F4539-3E76-40DB-9FC8-4AF29AF696DC}.Release|Any CPU.ActiveCfg = Release|Any CPU
		{8F2F4539-3E76-40DB-9FC8-4AF29AF696DC}.Release|Any CPU.Build.0 = Release|Any CPU
	EndGlobalSection
	GlobalSection(SolutionProperties) = preSolution
		HideSolutionNode = FALSE
	EndGlobalSection
	GlobalSection(ExtensibilityGlobals) = postSolution
		SolutionGuid = {9B9EC1D4-5CE0-4B8A-87F6-C5934F16CB89}
	EndGlobalSection
EndGlobal
