
Microsoft Visual Studio Solution File, Format Version 12.00
# Visual Studio Version 16
VisualStudioVersion = 16.0.31410.357
MinimumVisualStudioVersion = 10.0.40219.1
Project("{FAE04EC0-301F-11D3-BF4B-00C04F79EFBC}") = "CountRealNumbers", "CountRealNumbers\CountRealNumbers.csproj", "{6F782E85-AB7D-40D8-AA89-DE5B95916C9C}"
EndProject
Project("{FAE04EC0-301F-11D3-BF4B-00C04F79EFBC}") = "OddOccurrences", "OddOccurrences\OddOccurrences.csproj", "{BAFC8B39-35C8-4A0C-80CE-33695CC52E8A}"
EndProject
Project("{FAE04EC0-301F-11D3-BF4B-00C04F79EFBC}") = "WordSynonyms", "WordSynonyms\WordSynonyms.csproj", "{328A3F22-951A-4ACD-8043-9D7EB9D5090E}"
EndProject
Project("{FAE04EC0-301F-11D3-BF4B-00C04F79EFBC}") = "Largest3Numbers", "Largest3Numbers\Largest3Numbers.csproj", "{998E6484-4F05-4E57-8467-1B047406D7F0}"
EndProject
Project("{FAE04EC0-301F-11D3-BF4B-00C04F79EFBC}") = "WordFilter", "WordFilter\WordFilter.csproj", "{F41DAF23-30D6-4D4C-BD36-4C6BB715464B}"
EndProject
Global
	GlobalSection(SolutionConfigurationPlatforms) = preSolution
		Debug|Any CPU = Debug|Any CPU
		Release|Any CPU = Release|Any CPU
	EndGlobalSection
	GlobalSection(ProjectConfigurationPlatforms) = postSolution
		{6F782E85-AB7D-40D8-AA89-DE5B95916C9C}.Debug|Any CPU.ActiveCfg = Debug|Any CPU
		{6F782E85-AB7D-40D8-AA89-DE5B95916C9C}.Debug|Any CPU.Build.0 = Debug|Any CPU
		{6F782E85-AB7D-40D8-AA89-DE5B95916C9C}.Release|Any CPU.ActiveCfg = Release|Any CPU
		{6F782E85-AB7D-40D8-AA89-DE5B95916C9C}.Release|Any CPU.Build.0 = Release|Any CPU
		{BAFC8B39-35C8-4A0C-80CE-33695CC52E8A}.Debug|Any CPU.ActiveCfg = Debug|Any CPU
		{BAFC8B39-35C8-4A0C-80CE-33695CC52E8A}.Debug|Any CPU.Build.0 = Debug|Any CPU
		{BAFC8B39-35C8-4A0C-80CE-33695CC52E8A}.Release|Any CPU.ActiveCfg = Release|Any CPU
		{BAFC8B39-35C8-4A0C-80CE-33695CC52E8A}.Release|Any CPU.Build.0 = Release|Any CPU
		{328A3F22-951A-4ACD-8043-9D7EB9D5090E}.Debug|Any CPU.ActiveCfg = Debug|Any CPU
		{328A3F22-951A-4ACD-8043-9D7EB9D5090E}.Debug|Any CPU.Build.0 = Debug|Any CPU
		{328A3F22-951A-4ACD-8043-9D7EB9D5090E}.Release|Any CPU.ActiveCfg = Release|Any CPU
		{328A3F22-951A-4ACD-8043-9D7EB9D5090E}.Release|Any CPU.Build.0 = Release|Any CPU
		{998E6484-4F05-4E57-8467-1B047406D7F0}.Debug|Any CPU.ActiveCfg = Debug|Any CPU
		{998E6484-4F05-4E57-8467-1B047406D7F0}.Debug|Any CPU.Build.0 = Debug|Any CPU
		{998E6484-4F05-4E57-8467-1B047406D7F0}.Release|Any CPU.ActiveCfg = Release|Any CPU
		{998E6484-4F05-4E57-8467-1B047406D7F0}.Release|Any CPU.Build.0 = Release|Any CPU
		{F41DAF23-30D6-4D4C-BD36-4C6BB715464B}.Debug|Any CPU.ActiveCfg = Debug|Any CPU
		{F41DAF23-30D6-4D4C-BD36-4C6BB715464B}.Debug|Any CPU.Build.0 = Debug|Any CPU
		{F41DAF23-30D6-4D4C-BD36-4C6BB715464B}.Release|Any CPU.ActiveCfg = Release|Any CPU
		{F41DAF23-30D6-4D4C-BD36-4C6BB715464B}.Release|Any CPU.Build.0 = Release|Any CPU
	EndGlobalSection
	GlobalSection(SolutionProperties) = preSolution
		HideSolutionNode = FALSE
	EndGlobalSection
	GlobalSection(ExtensibilityGlobals) = postSolution
		SolutionGuid = {D8E2E2B5-D84A-4994-99E1-0D37FD106B45}
	EndGlobalSection
EndGlobal
