
Microsoft Visual Studio Solution File, Format Version 12.00
# Visual Studio Version 16
VisualStudioVersion = 16.0.31112.23
MinimumVisualStudioVersion = 10.0.40219.1
Project("{FAE04EC0-301F-11D3-BF4B-00C04F79EFBC}") = "NumbersEndingIn7", "ForLoopExcercise\NumbersEndingIn7.csproj", "{0E1B8735-4475-4A96-8055-9FC0DA6F65AA}"
EndProject
Project("{FAE04EC0-301F-11D3-BF4B-00C04F79EFBC}") = "HalfSumElement", "HalfSumElement\HalfSumElement.csproj", "{945897C6-D266-4A91-A7DB-B698D2A60114}"
EndProject
Project("{FAE04EC0-301F-11D3-BF4B-00C04F79EFBC}") = "OddEvenPosition", "OddEvenPosition\OddEvenPosition.csproj", "{A2563CA8-FBEA-44EF-A6FF-53367073D84C}"
EndProject
Project("{FAE04EC0-301F-11D3-BF4B-00C04F79EFBC}") = "Histogram", "Histogram\Histogram.csproj", "{0A9C0FB6-3260-447D-BD24-5669BF7EF0FD}"
EndProject
Project("{FAE04EC0-301F-11D3-BF4B-00C04F79EFBC}") = "DivideWithoutRemainder", "DivideWithoutRemainder\DivideWithoutRemainder.csproj", "{A2051F7B-CF64-409B-9A51-ADBDCA5B4A5B}"
EndProject
Project("{FAE04EC0-301F-11D3-BF4B-00C04F79EFBC}") = "Salary", "Salary\Salary.csproj", "{06306CD0-6AE8-4B19-B004-C1FE33AB81F2}"
EndProject
Global
	GlobalSection(SolutionConfigurationPlatforms) = preSolution
		Debug|Any CPU = Debug|Any CPU
		Release|Any CPU = Release|Any CPU
	EndGlobalSection
	GlobalSection(ProjectConfigurationPlatforms) = postSolution
		{0E1B8735-4475-4A96-8055-9FC0DA6F65AA}.Debug|Any CPU.ActiveCfg = Debug|Any CPU
		{0E1B8735-4475-4A96-8055-9FC0DA6F65AA}.Debug|Any CPU.Build.0 = Debug|Any CPU
		{0E1B8735-4475-4A96-8055-9FC0DA6F65AA}.Release|Any CPU.ActiveCfg = Release|Any CPU
		{0E1B8735-4475-4A96-8055-9FC0DA6F65AA}.Release|Any CPU.Build.0 = Release|Any CPU
		{945897C6-D266-4A91-A7DB-B698D2A60114}.Debug|Any CPU.ActiveCfg = Debug|Any CPU
		{945897C6-D266-4A91-A7DB-B698D2A60114}.Debug|Any CPU.Build.0 = Debug|Any CPU
		{945897C6-D266-4A91-A7DB-B698D2A60114}.Release|Any CPU.ActiveCfg = Release|Any CPU
		{945897C6-D266-4A91-A7DB-B698D2A60114}.Release|Any CPU.Build.0 = Release|Any CPU
		{A2563CA8-FBEA-44EF-A6FF-53367073D84C}.Debug|Any CPU.ActiveCfg = Debug|Any CPU
		{A2563CA8-FBEA-44EF-A6FF-53367073D84C}.Debug|Any CPU.Build.0 = Debug|Any CPU
		{A2563CA8-FBEA-44EF-A6FF-53367073D84C}.Release|Any CPU.ActiveCfg = Release|Any CPU
		{A2563CA8-FBEA-44EF-A6FF-53367073D84C}.Release|Any CPU.Build.0 = Release|Any CPU
		{0A9C0FB6-3260-447D-BD24-5669BF7EF0FD}.Debug|Any CPU.ActiveCfg = Debug|Any CPU
		{0A9C0FB6-3260-447D-BD24-5669BF7EF0FD}.Debug|Any CPU.Build.0 = Debug|Any CPU
		{0A9C0FB6-3260-447D-BD24-5669BF7EF0FD}.Release|Any CPU.ActiveCfg = Release|Any CPU
		{0A9C0FB6-3260-447D-BD24-5669BF7EF0FD}.Release|Any CPU.Build.0 = Release|Any CPU
		{A2051F7B-CF64-409B-9A51-ADBDCA5B4A5B}.Debug|Any CPU.ActiveCfg = Debug|Any CPU
		{A2051F7B-CF64-409B-9A51-ADBDCA5B4A5B}.Debug|Any CPU.Build.0 = Debug|Any CPU
		{A2051F7B-CF64-409B-9A51-ADBDCA5B4A5B}.Release|Any CPU.ActiveCfg = Release|Any CPU
		{A2051F7B-CF64-409B-9A51-ADBDCA5B4A5B}.Release|Any CPU.Build.0 = Release|Any CPU
		{06306CD0-6AE8-4B19-B004-C1FE33AB81F2}.Debug|Any CPU.ActiveCfg = Debug|Any CPU
		{06306CD0-6AE8-4B19-B004-C1FE33AB81F2}.Debug|Any CPU.Build.0 = Debug|Any CPU
		{06306CD0-6AE8-4B19-B004-C1FE33AB81F2}.Release|Any CPU.ActiveCfg = Release|Any CPU
		{06306CD0-6AE8-4B19-B004-C1FE33AB81F2}.Release|Any CPU.Build.0 = Release|Any CPU
	EndGlobalSection
	GlobalSection(SolutionProperties) = preSolution
		HideSolutionNode = FALSE
	EndGlobalSection
	GlobalSection(ExtensibilityGlobals) = postSolution
		SolutionGuid = {EA007422-8E73-4B73-9439-2DC61CB065EF}
	EndGlobalSection
EndGlobal
