
Microsoft Visual Studio Solution File, Format Version 12.00
# Visual Studio Version 16
VisualStudioVersion = 16.0.31112.23
MinimumVisualStudioVersion = 10.0.40219.1
Project("{FAE04EC0-301F-11D3-BF4B-00C04F79EFBC}") = "ConsoleApp2", "ConsoleApp2\ConsoleApp2.csproj", "{EAE18C1B-44EE-43D7-A593-7DA103AB58DD}"
EndProject
Global
	GlobalSection(SolutionConfigurationPlatforms) = preSolution
		Debug|Any CPU = Debug|Any CPU
		Release|Any CPU = Release|Any CPU
	EndGlobalSection
	GlobalSection(ProjectConfigurationPlatforms) = postSolution
		{EAE18C1B-44EE-43D7-A593-7DA103AB58DD}.Debug|Any CPU.ActiveCfg = Debug|Any CPU
		{EAE18C1B-44EE-43D7-A593-7DA103AB58DD}.Debug|Any CPU.Build.0 = Debug|Any CPU
		{EAE18C1B-44EE-43D7-A593-7DA103AB58DD}.Release|Any CPU.ActiveCfg = Release|Any CPU
		{EAE18C1B-44EE-43D7-A593-7DA103AB58DD}.Release|Any CPU.Build.0 = Release|Any CPU
	EndGlobalSection
	GlobalSection(SolutionProperties) = preSolution
		HideSolutionNode = FALSE
	EndGlobalSection
	GlobalSection(ExtensibilityGlobals) = postSolution
		SolutionGuid = {27DE7DAB-79EA-42C6-93E0-B6A16BF3A45C}
	EndGlobalSection
EndGlobal
