
Microsoft Visual Studio Solution File, Format Version 12.00
# Visual Studio Version 16
VisualStudioVersion = 16.0.31729.503
MinimumVisualStudioVersion = 10.0.40219.1
Project("{FAE04EC0-301F-11D3-BF4B-00C04F79EFBC}") = "Farm", "InheritanceLab\Farm.csproj", "{3B8444CD-D088-4D9C-9FEE-0CDB5D39F3B3}"
EndProject
Project("{FAE04EC0-301F-11D3-BF4B-00C04F79EFBC}") = "CustomRandomList", "CustomRandomList\CustomRandomList.csproj", "{58353234-788F-43AD-80B6-3DDF8BC35081}"
EndProject
Project("{FAE04EC0-301F-11D3-BF4B-00C04F79EFBC}") = "CustomStack", "CustomStack\CustomStack.csproj", "{76B4C01A-D72D-4A30-9CBB-3C49219F38CC}"
EndProject
Global
	GlobalSection(SolutionConfigurationPlatforms) = preSolution
		Debug|Any CPU = Debug|Any CPU
		Release|Any CPU = Release|Any CPU
	EndGlobalSection
	GlobalSection(ProjectConfigurationPlatforms) = postSolution
		{3B8444CD-D088-4D9C-9FEE-0CDB5D39F3B3}.Debug|Any CPU.ActiveCfg = Debug|Any CPU
		{3B8444CD-D088-4D9C-9FEE-0CDB5D39F3B3}.Debug|Any CPU.Build.0 = Debug|Any CPU
		{3B8444CD-D088-4D9C-9FEE-0CDB5D39F3B3}.Release|Any CPU.ActiveCfg = Release|Any CPU
		{3B8444CD-D088-4D9C-9FEE-0CDB5D39F3B3}.Release|Any CPU.Build.0 = Release|Any CPU
		{58353234-788F-43AD-80B6-3DDF8BC35081}.Debug|Any CPU.ActiveCfg = Debug|Any CPU
		{58353234-788F-43AD-80B6-3DDF8BC35081}.Debug|Any CPU.Build.0 = Debug|Any CPU
		{58353234-788F-43AD-80B6-3DDF8BC35081}.Release|Any CPU.ActiveCfg = Release|Any CPU
		{58353234-788F-43AD-80B6-3DDF8BC35081}.Release|Any CPU.Build.0 = Release|Any CPU
		{76B4C01A-D72D-4A30-9CBB-3C49219F38CC}.Debug|Any CPU.ActiveCfg = Debug|Any CPU
		{76B4C01A-D72D-4A30-9CBB-3C49219F38CC}.Debug|Any CPU.Build.0 = Debug|Any CPU
		{76B4C01A-D72D-4A30-9CBB-3C49219F38CC}.Release|Any CPU.ActiveCfg = Release|Any CPU
		{76B4C01A-D72D-4A30-9CBB-3C49219F38CC}.Release|Any CPU.Build.0 = Release|Any CPU
	EndGlobalSection
	GlobalSection(SolutionProperties) = preSolution
		HideSolutionNode = FALSE
	EndGlobalSection
	GlobalSection(ExtensibilityGlobals) = postSolution
		SolutionGuid = {98F7C521-07D2-4045-8949-A5C0CDCE8165}
	EndGlobalSection
EndGlobal
