
Microsoft Visual Studio Solution File, Format Version 12.00
# Visual Studio Version 16
VisualStudioVersion = 16.0.31205.134
MinimumVisualStudioVersion = 10.0.40219.1
Project("{9A19103F-16F7-4668-BE54-9A1E7A4F7556}") = "Ages", "IntroAndBasicSyntaxExcercise\Ages.csproj", "{5DDA789B-DAB4-4CAA-A55C-21F1DA35E972}"
EndProject
Project("{9A19103F-16F7-4668-BE54-9A1E7A4F7556}") = "Division", "Division\Division.csproj", "{4E44F4A6-4608-46FC-AE2D-101FE560F57D}"
EndProject
Project("{9A19103F-16F7-4668-BE54-9A1E7A4F7556}") = "Vacation", "Vacation\Vacation.csproj", "{560CC467-F321-4065-AD9E-25570589B99A}"
EndProject
Project("{9A19103F-16F7-4668-BE54-9A1E7A4F7556}") = "PrintAndSum", "PrintAndSum\PrintAndSum.csproj", "{7D45AFA0-9643-482D-8722-348862358E95}"
EndProject
Project("{9A19103F-16F7-4668-BE54-9A1E7A4F7556}") = "Login", "Login\Login.csproj", "{B832F3ED-606E-42DC-A128-1E03C618EF7A}"
EndProject
Project("{9A19103F-16F7-4668-BE54-9A1E7A4F7556}") = "StrongNumber", "StrongNumber\StrongNumber.csproj", "{71D78DD7-B6D2-4C5E-B724-3D6664030DBA}"
EndProject
Project("{9A19103F-16F7-4668-BE54-9A1E7A4F7556}") = "VendingMachine", "VendingMachine\VendingMachine.csproj", "{D98CC2F8-2FDC-406B-9B90-D9EA4837EBB4}"
EndProject
Project("{9A19103F-16F7-4668-BE54-9A1E7A4F7556}") = "TriangleofNumbers", "TriangleofNumbers\TriangleofNumbers.csproj", "{B9A4CD40-0865-4557-86B8-E33836239C90}"
EndProject
Project("{9A19103F-16F7-4668-BE54-9A1E7A4F7556}") = "PadawanEquipment", "PadawanEquipment\PadawanEquipment.csproj", "{5A8400D5-68E8-4FB2-BE49-8188A72E098B}"
EndProject
Project("{FAE04EC0-301F-11D3-BF4B-00C04F79EFBC}") = "RageExpenses", "RageExpenses\RageExpenses.csproj", "{8FBA96FC-534A-4787-8B8A-6BC1ED03F121}"
EndProject
Global
	GlobalSection(SolutionConfigurationPlatforms) = preSolution
		Debug|Any CPU = Debug|Any CPU
		Release|Any CPU = Release|Any CPU
	EndGlobalSection
	GlobalSection(ProjectConfigurationPlatforms) = postSolution
		{5DDA789B-DAB4-4CAA-A55C-21F1DA35E972}.Debug|Any CPU.ActiveCfg = Debug|Any CPU
		{5DDA789B-DAB4-4CAA-A55C-21F1DA35E972}.Debug|Any CPU.Build.0 = Debug|Any CPU
		{5DDA789B-DAB4-4CAA-A55C-21F1DA35E972}.Release|Any CPU.ActiveCfg = Release|Any CPU
		{5DDA789B-DAB4-4CAA-A55C-21F1DA35E972}.Release|Any CPU.Build.0 = Release|Any CPU
		{4E44F4A6-4608-46FC-AE2D-101FE560F57D}.Debug|Any CPU.ActiveCfg = Debug|Any CPU
		{4E44F4A6-4608-46FC-AE2D-101FE560F57D}.Debug|Any CPU.Build.0 = Debug|Any CPU
		{4E44F4A6-4608-46FC-AE2D-101FE560F57D}.Release|Any CPU.ActiveCfg = Release|Any CPU
		{4E44F4A6-4608-46FC-AE2D-101FE560F57D}.Release|Any CPU.Build.0 = Release|Any CPU
		{560CC467-F321-4065-AD9E-25570589B99A}.Debug|Any CPU.ActiveCfg = Debug|Any CPU
		{560CC467-F321-4065-AD9E-25570589B99A}.Debug|Any CPU.Build.0 = Debug|Any CPU
		{560CC467-F321-4065-AD9E-25570589B99A}.Release|Any CPU.ActiveCfg = Release|Any CPU
		{560CC467-F321-4065-AD9E-25570589B99A}.Release|Any CPU.Build.0 = Release|Any CPU
		{7D45AFA0-9643-482D-8722-348862358E95}.Debug|Any CPU.ActiveCfg = Debug|Any CPU
		{7D45AFA0-9643-482D-8722-348862358E95}.Debug|Any CPU.Build.0 = Debug|Any CPU
		{7D45AFA0-9643-482D-8722-348862358E95}.Release|Any CPU.ActiveCfg = Release|Any CPU
		{7D45AFA0-9643-482D-8722-348862358E95}.Release|Any CPU.Build.0 = Release|Any CPU
		{B832F3ED-606E-42DC-A128-1E03C618EF7A}.Debug|Any CPU.ActiveCfg = Debug|Any CPU
		{B832F3ED-606E-42DC-A128-1E03C618EF7A}.Debug|Any CPU.Build.0 = Debug|Any CPU
		{B832F3ED-606E-42DC-A128-1E03C618EF7A}.Release|Any CPU.ActiveCfg = Release|Any CPU
		{B832F3ED-606E-42DC-A128-1E03C618EF7A}.Release|Any CPU.Build.0 = Release|Any CPU
		{71D78DD7-B6D2-4C5E-B724-3D6664030DBA}.Debug|Any CPU.ActiveCfg = Debug|Any CPU
		{71D78DD7-B6D2-4C5E-B724-3D6664030DBA}.Debug|Any CPU.Build.0 = Debug|Any CPU
		{71D78DD7-B6D2-4C5E-B724-3D6664030DBA}.Release|Any CPU.ActiveCfg = Release|Any CPU
		{71D78DD7-B6D2-4C5E-B724-3D6664030DBA}.Release|Any CPU.Build.0 = Release|Any CPU
		{D98CC2F8-2FDC-406B-9B90-D9EA4837EBB4}.Debug|Any CPU.ActiveCfg = Debug|Any CPU
		{D98CC2F8-2FDC-406B-9B90-D9EA4837EBB4}.Debug|Any CPU.Build.0 = Debug|Any CPU
		{D98CC2F8-2FDC-406B-9B90-D9EA4837EBB4}.Release|Any CPU.ActiveCfg = Release|Any CPU
		{D98CC2F8-2FDC-406B-9B90-D9EA4837EBB4}.Release|Any CPU.Build.0 = Release|Any CPU
		{B9A4CD40-0865-4557-86B8-E33836239C90}.Debug|Any CPU.ActiveCfg = Debug|Any CPU
		{B9A4CD40-0865-4557-86B8-E33836239C90}.Debug|Any CPU.Build.0 = Debug|Any CPU
		{B9A4CD40-0865-4557-86B8-E33836239C90}.Release|Any CPU.ActiveCfg = Release|Any CPU
		{B9A4CD40-0865-4557-86B8-E33836239C90}.Release|Any CPU.Build.0 = Release|Any CPU
		{5A8400D5-68E8-4FB2-BE49-8188A72E098B}.Debug|Any CPU.ActiveCfg = Debug|Any CPU
		{5A8400D5-68E8-4FB2-BE49-8188A72E098B}.Debug|Any CPU.Build.0 = Debug|Any CPU
		{5A8400D5-68E8-4FB2-BE49-8188A72E098B}.Release|Any CPU.ActiveCfg = Release|Any CPU
		{5A8400D5-68E8-4FB2-BE49-8188A72E098B}.Release|Any CPU.Build.0 = Release|Any CPU
		{8FBA96FC-534A-4787-8B8A-6BC1ED03F121}.Debug|Any CPU.ActiveCfg = Debug|Any CPU
		{8FBA96FC-534A-4787-8B8A-6BC1ED03F121}.Debug|Any CPU.Build.0 = Debug|Any CPU
		{8FBA96FC-534A-4787-8B8A-6BC1ED03F121}.Release|Any CPU.ActiveCfg = Release|Any CPU
		{8FBA96FC-534A-4787-8B8A-6BC1ED03F121}.Release|Any CPU.Build.0 = Release|Any CPU
	EndGlobalSection
	GlobalSection(SolutionProperties) = preSolution
		HideSolutionNode = FALSE
	EndGlobalSection
	GlobalSection(ExtensibilityGlobals) = postSolution
		SolutionGuid = {677C1B1C-9D98-4203-9928-DEA36E0B3053}
	EndGlobalSection
EndGlobal
