
Microsoft Visual Studio Solution File, Format Version 12.00
# Visual Studio Version 16
VisualStudioVersion = 16.0.31410.357
MinimumVisualStudioVersion = 10.0.40219.1
Project("{FAE04EC0-301F-11D3-BF4B-00C04F79EFBC}") = "1. BasicStackOperations", "StacksAndQueuesExercise\1. BasicStackOperations.csproj", "{4090852C-3FE9-4E8F-8F97-731C7DBFB6E1}"
EndProject
Project("{FAE04EC0-301F-11D3-BF4B-00C04F79EFBC}") = "BasicQueueOperations", "BasicQueueOperations\BasicQueueOperations.csproj", "{6A3A7169-1C80-47A5-B1B9-3BB72C8591AE}"
EndProject
Project("{FAE04EC0-301F-11D3-BF4B-00C04F79EFBC}") = "MaximumandMinimumElement", "MaximumandMinimumElement\MaximumandMinimumElement.csproj", "{C82BBA95-4B67-40AF-A5D6-22EC26E4B61E}"
EndProject
Project("{FAE04EC0-301F-11D3-BF4B-00C04F79EFBC}") = "FastFood", "FastFood\FastFood.csproj", "{81E1083B-B7EC-4150-9E95-CF1069ACC20E}"
EndProject
Project("{FAE04EC0-301F-11D3-BF4B-00C04F79EFBC}") = "FashionBoutique", "FashionBoutique\FashionBoutique.csproj", "{6AB4DB59-96C1-4DEF-A685-3B8A166A7826}"
EndProject
Project("{FAE04EC0-301F-11D3-BF4B-00C04F79EFBC}") = "SongsQueue", "SongsQueue\SongsQueue.csproj", "{FB3D4B89-FCBA-49D7-A534-A211CCE8BD23}"
EndProject
Project("{FAE04EC0-301F-11D3-BF4B-00C04F79EFBC}") = "TruckTour", "TruckTour\TruckTour.csproj", "{FF748185-E800-4B41-B64F-1CE9E1D646DC}"
EndProject
Global
	GlobalSection(SolutionConfigurationPlatforms) = preSolution
		Debug|Any CPU = Debug|Any CPU
		Release|Any CPU = Release|Any CPU
	EndGlobalSection
	GlobalSection(ProjectConfigurationPlatforms) = postSolution
		{4090852C-3FE9-4E8F-8F97-731C7DBFB6E1}.Debug|Any CPU.ActiveCfg = Debug|Any CPU
		{4090852C-3FE9-4E8F-8F97-731C7DBFB6E1}.Debug|Any CPU.Build.0 = Debug|Any CPU
		{4090852C-3FE9-4E8F-8F97-731C7DBFB6E1}.Release|Any CPU.ActiveCfg = Release|Any CPU
		{4090852C-3FE9-4E8F-8F97-731C7DBFB6E1}.Release|Any CPU.Build.0 = Release|Any CPU
		{6A3A7169-1C80-47A5-B1B9-3BB72C8591AE}.Debug|Any CPU.ActiveCfg = Debug|Any CPU
		{6A3A7169-1C80-47A5-B1B9-3BB72C8591AE}.Debug|Any CPU.Build.0 = Debug|Any CPU
		{6A3A7169-1C80-47A5-B1B9-3BB72C8591AE}.Release|Any CPU.ActiveCfg = Release|Any CPU
		{6A3A7169-1C80-47A5-B1B9-3BB72C8591AE}.Release|Any CPU.Build.0 = Release|Any CPU
		{C82BBA95-4B67-40AF-A5D6-22EC26E4B61E}.Debug|Any CPU.ActiveCfg = Debug|Any CPU
		{C82BBA95-4B67-40AF-A5D6-22EC26E4B61E}.Debug|Any CPU.Build.0 = Debug|Any CPU
		{C82BBA95-4B67-40AF-A5D6-22EC26E4B61E}.Release|Any CPU.ActiveCfg = Release|Any CPU
		{C82BBA95-4B67-40AF-A5D6-22EC26E4B61E}.Release|Any CPU.Build.0 = Release|Any CPU
		{81E1083B-B7EC-4150-9E95-CF1069ACC20E}.Debug|Any CPU.ActiveCfg = Debug|Any CPU
		{81E1083B-B7EC-4150-9E95-CF1069ACC20E}.Debug|Any CPU.Build.0 = Debug|Any CPU
		{81E1083B-B7EC-4150-9E95-CF1069ACC20E}.Release|Any CPU.ActiveCfg = Release|Any CPU
		{81E1083B-B7EC-4150-9E95-CF1069ACC20E}.Release|Any CPU.Build.0 = Release|Any CPU
		{6AB4DB59-96C1-4DEF-A685-3B8A166A7826}.Debug|Any CPU.ActiveCfg = Debug|Any CPU
		{6AB4DB59-96C1-4DEF-A685-3B8A166A7826}.Debug|Any CPU.Build.0 = Debug|Any CPU
		{6AB4DB59-96C1-4DEF-A685-3B8A166A7826}.Release|Any CPU.ActiveCfg = Release|Any CPU
		{6AB4DB59-96C1-4DEF-A685-3B8A166A7826}.Release|Any CPU.Build.0 = Release|Any CPU
		{FB3D4B89-FCBA-49D7-A534-A211CCE8BD23}.Debug|Any CPU.ActiveCfg = Debug|Any CPU
		{FB3D4B89-FCBA-49D7-A534-A211CCE8BD23}.Debug|Any CPU.Build.0 = Debug|Any CPU
		{FB3D4B89-FCBA-49D7-A534-A211CCE8BD23}.Release|Any CPU.ActiveCfg = Release|Any CPU
		{FB3D4B89-FCBA-49D7-A534-A211CCE8BD23}.Release|Any CPU.Build.0 = Release|Any CPU
		{FF748185-E800-4B41-B64F-1CE9E1D646DC}.Debug|Any CPU.ActiveCfg = Debug|Any CPU
		{FF748185-E800-4B41-B64F-1CE9E1D646DC}.Debug|Any CPU.Build.0 = Debug|Any CPU
		{FF748185-E800-4B41-B64F-1CE9E1D646DC}.Release|Any CPU.ActiveCfg = Release|Any CPU
		{FF748185-E800-4B41-B64F-1CE9E1D646DC}.Release|Any CPU.Build.0 = Release|Any CPU
	EndGlobalSection
	GlobalSection(SolutionProperties) = preSolution
		HideSolutionNode = FALSE
	EndGlobalSection
	GlobalSection(ExtensibilityGlobals) = postSolution
		SolutionGuid = {14B0B08F-FE52-4AD0-8DCC-A1EDE5CDACE5}
	EndGlobalSection
EndGlobal
