
Microsoft Visual Studio Solution File, Format Version 12.00
# Visual Studio Version 16
VisualStudioVersion = 16.0.31205.134
MinimumVisualStudioVersion = 10.0.40219.1
Project("{FAE04EC0-301F-11D3-BF4B-00C04F79EFBC}") = "Excursion", "Exam\Excursion.csproj", "{0F9C6AD6-EF63-4A9C-983B-B16A4E59D6DD}"
EndProject
Project("{FAE04EC0-301F-11D3-BF4B-00C04F79EFBC}") = "BraceletStand", "BraceletStand\BraceletStand.csproj", "{89134D6B-DC9C-4B19-983E-61DE641A97E2}"
EndProject
Project("{FAE04EC0-301F-11D3-BF4B-00C04F79EFBC}") = "SantasHoliday", "SantasHoliday\SantasHoliday.csproj", "{4FD0BCC1-5DEE-450D-85E6-A8BD25135B5C}"
EndProject
Project("{FAE04EC0-301F-11D3-BF4B-00C04F79EFBC}") = "ComputerFirm", "ComputerFirm\ComputerFirm.csproj", "{B17C6994-13E9-4FD9-BE34-4E2610CF903B}"
EndProject
Project("{FAE04EC0-301F-11D3-BF4B-00C04F79EFBC}") = "HairSalon", "HairSalon\HairSalon.csproj", "{AFC1EDD5-A7AB-4D48-B545-B25742E83DF1}"
EndProject
Project("{FAE04EC0-301F-11D3-BF4B-00C04F79EFBC}") = "UniquePINCodes", "UniquePINCodes\UniquePINCodes.csproj", "{714A5180-5E26-479C-AFF8-734EFD760691}"
EndProject
Global
	GlobalSection(SolutionConfigurationPlatforms) = preSolution
		Debug|Any CPU = Debug|Any CPU
		Release|Any CPU = Release|Any CPU
	EndGlobalSection
	GlobalSection(ProjectConfigurationPlatforms) = postSolution
		{0F9C6AD6-EF63-4A9C-983B-B16A4E59D6DD}.Debug|Any CPU.ActiveCfg = Debug|Any CPU
		{0F9C6AD6-EF63-4A9C-983B-B16A4E59D6DD}.Debug|Any CPU.Build.0 = Debug|Any CPU
		{0F9C6AD6-EF63-4A9C-983B-B16A4E59D6DD}.Release|Any CPU.ActiveCfg = Release|Any CPU
		{0F9C6AD6-EF63-4A9C-983B-B16A4E59D6DD}.Release|Any CPU.Build.0 = Release|Any CPU
		{89134D6B-DC9C-4B19-983E-61DE641A97E2}.Debug|Any CPU.ActiveCfg = Debug|Any CPU
		{89134D6B-DC9C-4B19-983E-61DE641A97E2}.Debug|Any CPU.Build.0 = Debug|Any CPU
		{89134D6B-DC9C-4B19-983E-61DE641A97E2}.Release|Any CPU.ActiveCfg = Release|Any CPU
		{89134D6B-DC9C-4B19-983E-61DE641A97E2}.Release|Any CPU.Build.0 = Release|Any CPU
		{4FD0BCC1-5DEE-450D-85E6-A8BD25135B5C}.Debug|Any CPU.ActiveCfg = Debug|Any CPU
		{4FD0BCC1-5DEE-450D-85E6-A8BD25135B5C}.Debug|Any CPU.Build.0 = Debug|Any CPU
		{4FD0BCC1-5DEE-450D-85E6-A8BD25135B5C}.Release|Any CPU.ActiveCfg = Release|Any CPU
		{4FD0BCC1-5DEE-450D-85E6-A8BD25135B5C}.Release|Any CPU.Build.0 = Release|Any CPU
		{B17C6994-13E9-4FD9-BE34-4E2610CF903B}.Debug|Any CPU.ActiveCfg = Debug|Any CPU
		{B17C6994-13E9-4FD9-BE34-4E2610CF903B}.Debug|Any CPU.Build.0 = Debug|Any CPU
		{B17C6994-13E9-4FD9-BE34-4E2610CF903B}.Release|Any CPU.ActiveCfg = Release|Any CPU
		{B17C6994-13E9-4FD9-BE34-4E2610CF903B}.Release|Any CPU.Build.0 = Release|Any CPU
		{AFC1EDD5-A7AB-4D48-B545-B25742E83DF1}.Debug|Any CPU.ActiveCfg = Debug|Any CPU
		{AFC1EDD5-A7AB-4D48-B545-B25742E83DF1}.Debug|Any CPU.Build.0 = Debug|Any CPU
		{AFC1EDD5-A7AB-4D48-B545-B25742E83DF1}.Release|Any CPU.ActiveCfg = Release|Any CPU
		{AFC1EDD5-A7AB-4D48-B545-B25742E83DF1}.Release|Any CPU.Build.0 = Release|Any CPU
		{714A5180-5E26-479C-AFF8-734EFD760691}.Debug|Any CPU.ActiveCfg = Debug|Any CPU
		{714A5180-5E26-479C-AFF8-734EFD760691}.Debug|Any CPU.Build.0 = Debug|Any CPU
		{714A5180-5E26-479C-AFF8-734EFD760691}.Release|Any CPU.ActiveCfg = Release|Any CPU
		{714A5180-5E26-479C-AFF8-734EFD760691}.Release|Any CPU.Build.0 = Release|Any CPU
	EndGlobalSection
	GlobalSection(SolutionProperties) = preSolution
		HideSolutionNode = FALSE
	EndGlobalSection
	GlobalSection(ExtensibilityGlobals) = postSolution
		SolutionGuid = {44C28D19-A1E9-4FC8-9F14-93F6582A2ADB}
	EndGlobalSection
EndGlobal
