
Microsoft Visual Studio Solution File, Format Version 12.00
# Visual Studio Version 16
VisualStudioVersion = 16.0.31410.357
MinimumVisualStudioVersion = 10.0.40219.1
Project("{FAE04EC0-301F-11D3-BF4B-00C04F79EFBC}") = "Furniture", "RegExpresExcercise\Furniture.csproj", "{8F721A5B-CF44-4442-BF42-AE50CAADB63D}"
EndProject
Project("{FAE04EC0-301F-11D3-BF4B-00C04F79EFBC}") = "Race", "Race\Race.csproj", "{8DDFE46C-7B89-4802-A4C4-98C37FAA31D9}"
EndProject
Project("{FAE04EC0-301F-11D3-BF4B-00C04F79EFBC}") = "SoftUniBarIncome", "SoftUniBarIncome\SoftUniBarIncome.csproj", "{EF1F3493-C921-4AF9-A381-B47244EE496F}"
EndProject
Project("{FAE04EC0-301F-11D3-BF4B-00C04F79EFBC}") = "StarEnigma", "StarEnigma\StarEnigma.csproj", "{7C96F2DD-09D1-4099-8A00-8E0E7CBD6FB0}"
EndProject
Project("{FAE04EC0-301F-11D3-BF4B-00C04F79EFBC}") = "NetherRealms", "NetherRealms\NetherRealms.csproj", "{B343D249-F269-4A95-83A8-CCD99324EB18}"
EndProject
Global
	GlobalSection(SolutionConfigurationPlatforms) = preSolution
		Debug|Any CPU = Debug|Any CPU
		Release|Any CPU = Release|Any CPU
	EndGlobalSection
	GlobalSection(ProjectConfigurationPlatforms) = postSolution
		{8F721A5B-CF44-4442-BF42-AE50CAADB63D}.Debug|Any CPU.ActiveCfg = Debug|Any CPU
		{8F721A5B-CF44-4442-BF42-AE50CAADB63D}.Debug|Any CPU.Build.0 = Debug|Any CPU
		{8F721A5B-CF44-4442-BF42-AE50CAADB63D}.Release|Any CPU.ActiveCfg = Release|Any CPU
		{8F721A5B-CF44-4442-BF42-AE50CAADB63D}.Release|Any CPU.Build.0 = Release|Any CPU
		{8DDFE46C-7B89-4802-A4C4-98C37FAA31D9}.Debug|Any CPU.ActiveCfg = Debug|Any CPU
		{8DDFE46C-7B89-4802-A4C4-98C37FAA31D9}.Debug|Any CPU.Build.0 = Debug|Any CPU
		{8DDFE46C-7B89-4802-A4C4-98C37FAA31D9}.Release|Any CPU.ActiveCfg = Release|Any CPU
		{8DDFE46C-7B89-4802-A4C4-98C37FAA31D9}.Release|Any CPU.Build.0 = Release|Any CPU
		{EF1F3493-C921-4AF9-A381-B47244EE496F}.Debug|Any CPU.ActiveCfg = Debug|Any CPU
		{EF1F3493-C921-4AF9-A381-B47244EE496F}.Debug|Any CPU.Build.0 = Debug|Any CPU
		{EF1F3493-C921-4AF9-A381-B47244EE496F}.Release|Any CPU.ActiveCfg = Release|Any CPU
		{EF1F3493-C921-4AF9-A381-B47244EE496F}.Release|Any CPU.Build.0 = Release|Any CPU
		{7C96F2DD-09D1-4099-8A00-8E0E7CBD6FB0}.Debug|Any CPU.ActiveCfg = Debug|Any CPU
		{7C96F2DD-09D1-4099-8A00-8E0E7CBD6FB0}.Debug|Any CPU.Build.0 = Debug|Any CPU
		{7C96F2DD-09D1-4099-8A00-8E0E7CBD6FB0}.Release|Any CPU.ActiveCfg = Release|Any CPU
		{7C96F2DD-09D1-4099-8A00-8E0E7CBD6FB0}.Release|Any CPU.Build.0 = Release|Any CPU
		{B343D249-F269-4A95-83A8-CCD99324EB18}.Debug|Any CPU.ActiveCfg = Debug|Any CPU
		{B343D249-F269-4A95-83A8-CCD99324EB18}.Debug|Any CPU.Build.0 = Debug|Any CPU
		{B343D249-F269-4A95-83A8-CCD99324EB18}.Release|Any CPU.ActiveCfg = Release|Any CPU
		{B343D249-F269-4A95-83A8-CCD99324EB18}.Release|Any CPU.Build.0 = Release|Any CPU
	EndGlobalSection
	GlobalSection(SolutionProperties) = preSolution
		HideSolutionNode = FALSE
	EndGlobalSection
	GlobalSection(ExtensibilityGlobals) = postSolution
		SolutionGuid = {F852D587-1BE9-4FE7-A7C7-0B0C058BEB66}
	EndGlobalSection
EndGlobal
