
Microsoft Visual Studio Solution File, Format Version 12.00
# Visual Studio Version 16
VisualStudioVersion = 16.0.31112.23
MinimumVisualStudioVersion = 10.0.40219.1
Project("{FAE04EC0-301F-11D3-BF4B-00C04F79EFBC}") = "NumbersFrom1To100", "ConsoleApp2\NumbersFrom1To100.csproj", "{07D0B184-B430-4B33-8F48-82F0585D3387}"
EndProject
Project("{FAE04EC0-301F-11D3-BF4B-00C04F79EFBC}") = "NumbersN1", "NumbersN1\NumbersN1.csproj", "{050FAF2A-AA5F-4C5B-89D5-23625CACCF13}"
EndProject
Project("{FAE04EC0-301F-11D3-BF4B-00C04F79EFBC}") = "NumberNStep3", "NumberNStep3\NumberNStep3.csproj", "{712E510D-C0EE-4594-83F0-46392750EE18}"
EndProject
Project("{FAE04EC0-301F-11D3-BF4B-00C04F79EFBC}") = "EvenPowersOf2", "EvenPowersOf2\EvenPowersOf2.csproj", "{99D57E49-B3C8-4698-9801-D3D662BE1B0B}"
EndProject
Project("{FAE04EC0-301F-11D3-BF4B-00C04F79EFBC}") = "CharacterSequence", "CharacterSequence\CharacterSequence.csproj", "{7F2B73B5-D72C-4293-BA0C-94457D038668}"
EndProject
Project("{FAE04EC0-301F-11D3-BF4B-00C04F79EFBC}") = "VowelsSum", "VowelsSum\VowelsSum.csproj", "{1A45A482-5BD8-441F-B073-6333E17E9A93}"
EndProject
Project("{FAE04EC0-301F-11D3-BF4B-00C04F79EFBC}") = "SumNumbers", "SumNumbers\SumNumbers.csproj", "{8C8BF20B-351A-4FE8-92E0-A764396CD1D3}"
EndProject
Project("{FAE04EC0-301F-11D3-BF4B-00C04F79EFBC}") = "NumberSequence", "NumberSequence\NumberSequence.csproj", "{56FB8CA4-0237-4BAB-86F6-C2F5D27E243B}"
EndProject
Project("{FAE04EC0-301F-11D3-BF4B-00C04F79EFBC}") = "LeftAndRightSum", "LeftAndRightSum\LeftAndRightSum.csproj", "{C80A55DD-91E3-4090-A5D0-8E15F463C263}"
EndProject
Project("{FAE04EC0-301F-11D3-BF4B-00C04F79EFBC}") = "OddEvenSum", "OddEvenSum\OddEvenSum.csproj", "{C115F71A-7B03-4113-8A5A-59F2358BD4C7}"
EndProject
Project("{FAE04EC0-301F-11D3-BF4B-00C04F79EFBC}") = "CleverLily", "CleverLily\CleverLily.csproj", "{C9D960B6-2A30-48A7-A7AD-70D20A014062}"
EndProject
Global
	GlobalSection(SolutionConfigurationPlatforms) = preSolution
		Debug|Any CPU = Debug|Any CPU
		Release|Any CPU = Release|Any CPU
	EndGlobalSection
	GlobalSection(ProjectConfigurationPlatforms) = postSolution
		{07D0B184-B430-4B33-8F48-82F0585D3387}.Debug|Any CPU.ActiveCfg = Debug|Any CPU
		{07D0B184-B430-4B33-8F48-82F0585D3387}.Debug|Any CPU.Build.0 = Debug|Any CPU
		{07D0B184-B430-4B33-8F48-82F0585D3387}.Release|Any CPU.ActiveCfg = Release|Any CPU
		{07D0B184-B430-4B33-8F48-82F0585D3387}.Release|Any CPU.Build.0 = Release|Any CPU
		{050FAF2A-AA5F-4C5B-89D5-23625CACCF13}.Debug|Any CPU.ActiveCfg = Debug|Any CPU
		{050FAF2A-AA5F-4C5B-89D5-23625CACCF13}.Debug|Any CPU.Build.0 = Debug|Any CPU
		{050FAF2A-AA5F-4C5B-89D5-23625CACCF13}.Release|Any CPU.ActiveCfg = Release|Any CPU
		{050FAF2A-AA5F-4C5B-89D5-23625CACCF13}.Release|Any CPU.Build.0 = Release|Any CPU
		{712E510D-C0EE-4594-83F0-46392750EE18}.Debug|Any CPU.ActiveCfg = Debug|Any CPU
		{712E510D-C0EE-4594-83F0-46392750EE18}.Debug|Any CPU.Build.0 = Debug|Any CPU
		{712E510D-C0EE-4594-83F0-46392750EE18}.Release|Any CPU.ActiveCfg = Release|Any CPU
		{712E510D-C0EE-4594-83F0-46392750EE18}.Release|Any CPU.Build.0 = Release|Any CPU
		{99D57E49-B3C8-4698-9801-D3D662BE1B0B}.Debug|Any CPU.ActiveCfg = Debug|Any CPU
		{99D57E49-B3C8-4698-9801-D3D662BE1B0B}.Debug|Any CPU.Build.0 = Debug|Any CPU
		{99D57E49-B3C8-4698-9801-D3D662BE1B0B}.Release|Any CPU.ActiveCfg = Release|Any CPU
		{99D57E49-B3C8-4698-9801-D3D662BE1B0B}.Release|Any CPU.Build.0 = Release|Any CPU
		{7F2B73B5-D72C-4293-BA0C-94457D038668}.Debug|Any CPU.ActiveCfg = Debug|Any CPU
		{7F2B73B5-D72C-4293-BA0C-94457D038668}.Debug|Any CPU.Build.0 = Debug|Any CPU
		{7F2B73B5-D72C-4293-BA0C-94457D038668}.Release|Any CPU.ActiveCfg = Release|Any CPU
		{7F2B73B5-D72C-4293-BA0C-94457D038668}.Release|Any CPU.Build.0 = Release|Any CPU
		{1A45A482-5BD8-441F-B073-6333E17E9A93}.Debug|Any CPU.ActiveCfg = Debug|Any CPU
		{1A45A482-5BD8-441F-B073-6333E17E9A93}.Debug|Any CPU.Build.0 = Debug|Any CPU
		{1A45A482-5BD8-441F-B073-6333E17E9A93}.Release|Any CPU.ActiveCfg = Release|Any CPU
		{1A45A482-5BD8-441F-B073-6333E17E9A93}.Release|Any CPU.Build.0 = Release|Any CPU
		{8C8BF20B-351A-4FE8-92E0-A764396CD1D3}.Debug|Any CPU.ActiveCfg = Debug|Any CPU
		{8C8BF20B-351A-4FE8-92E0-A764396CD1D3}.Debug|Any CPU.Build.0 = Debug|Any CPU
		{8C8BF20B-351A-4FE8-92E0-A764396CD1D3}.Release|Any CPU.ActiveCfg = Release|Any CPU
		{8C8BF20B-351A-4FE8-92E0-A764396CD1D3}.Release|Any CPU.Build.0 = Release|Any CPU
		{56FB8CA4-0237-4BAB-86F6-C2F5D27E243B}.Debug|Any CPU.ActiveCfg = Debug|Any CPU
		{56FB8CA4-0237-4BAB-86F6-C2F5D27E243B}.Debug|Any CPU.Build.0 = Debug|Any CPU
		{56FB8CA4-0237-4BAB-86F6-C2F5D27E243B}.Release|Any CPU.ActiveCfg = Release|Any CPU
		{56FB8CA4-0237-4BAB-86F6-C2F5D27E243B}.Release|Any CPU.Build.0 = Release|Any CPU
		{C80A55DD-91E3-4090-A5D0-8E15F463C263}.Debug|Any CPU.ActiveCfg = Debug|Any CPU
		{C80A55DD-91E3-4090-A5D0-8E15F463C263}.Debug|Any CPU.Build.0 = Debug|Any CPU
		{C80A55DD-91E3-4090-A5D0-8E15F463C263}.Release|Any CPU.ActiveCfg = Release|Any CPU
		{C80A55DD-91E3-4090-A5D0-8E15F463C263}.Release|Any CPU.Build.0 = Release|Any CPU
		{C115F71A-7B03-4113-8A5A-59F2358BD4C7}.Debug|Any CPU.ActiveCfg = Debug|Any CPU
		{C115F71A-7B03-4113-8A5A-59F2358BD4C7}.Debug|Any CPU.Build.0 = Debug|Any CPU
		{C115F71A-7B03-4113-8A5A-59F2358BD4C7}.Release|Any CPU.ActiveCfg = Release|Any CPU
		{C115F71A-7B03-4113-8A5A-59F2358BD4C7}.Release|Any CPU.Build.0 = Release|Any CPU
		{C9D960B6-2A30-48A7-A7AD-70D20A014062}.Debug|Any CPU.ActiveCfg = Debug|Any CPU
		{C9D960B6-2A30-48A7-A7AD-70D20A014062}.Debug|Any CPU.Build.0 = Debug|Any CPU
		{C9D960B6-2A30-48A7-A7AD-70D20A014062}.Release|Any CPU.ActiveCfg = Release|Any CPU
		{C9D960B6-2A30-48A7-A7AD-70D20A014062}.Release|Any CPU.Build.0 = Release|Any CPU
	EndGlobalSection
	GlobalSection(SolutionProperties) = preSolution
		HideSolutionNode = FALSE
	EndGlobalSection
	GlobalSection(ExtensibilityGlobals) = postSolution
		SolutionGuid = {97193B11-30AD-46A6-9CDB-A0281EB69771}
	EndGlobalSection
EndGlobal
