
Microsoft Visual Studio Solution File, Format Version 12.00
# Visual Studio Version 16
VisualStudioVersion = 16.0.31410.357
MinimumVisualStudioVersion = 10.0.40219.1
Project("{9A19103F-16F7-4668-BE54-9A1E7A4F7556}") = "RandomizeWords", "ObjectsAndClassesLab\RandomizeWords.csproj", "{53AB4099-464C-4BBA-B1AB-CACFD5582D4E}"
EndProject
Project("{9A19103F-16F7-4668-BE54-9A1E7A4F7556}") = "BigFactoriel", "BigFactoriel\BigFactoriel.csproj", "{69FFFD12-C8EF-4522-AE56-AD3D75FA173D}"
EndProject
Project("{9A19103F-16F7-4668-BE54-9A1E7A4F7556}") = "Songs", "Songs\Songs.csproj", "{74BEBCCA-FCCB-4607-A9CD-4EC6B585CC40}"
EndProject
Project("{9A19103F-16F7-4668-BE54-9A1E7A4F7556}") = "Students", "Students\Students.csproj", "{9313DEC2-06BE-4BE2-91AB-B1868A6928D9}"
EndProject
Project("{9A19103F-16F7-4668-BE54-9A1E7A4F7556}") = "Students2.0", "Students2.0\Students2.0.csproj", "{DD3C2D27-6350-46DB-995D-5DC2897BE0FE}"
EndProject
Project("{9A19103F-16F7-4668-BE54-9A1E7A4F7556}") = "StoreBoxes", "StoreBoxes\StoreBoxes.csproj", "{8B457249-4A68-4048-878C-5CCF9CE33882}"
EndProject
Project("{FAE04EC0-301F-11D3-BF4B-00C04F79EFBC}") = "VehicleCatalogue", "VehicleCatalogue\VehicleCatalogue.csproj", "{60EE6A38-8B68-4EF1-8FB4-9F39DB267F1F}"
EndProject
Global
	GlobalSection(SolutionConfigurationPlatforms) = preSolution
		Debug|Any CPU = Debug|Any CPU
		Release|Any CPU = Release|Any CPU
	EndGlobalSection
	GlobalSection(ProjectConfigurationPlatforms) = postSolution
		{53AB4099-464C-4BBA-B1AB-CACFD5582D4E}.Debug|Any CPU.ActiveCfg = Debug|Any CPU
		{53AB4099-464C-4BBA-B1AB-CACFD5582D4E}.Debug|Any CPU.Build.0 = Debug|Any CPU
		{53AB4099-464C-4BBA-B1AB-CACFD5582D4E}.Release|Any CPU.ActiveCfg = Release|Any CPU
		{53AB4099-464C-4BBA-B1AB-CACFD5582D4E}.Release|Any CPU.Build.0 = Release|Any CPU
		{69FFFD12-C8EF-4522-AE56-AD3D75FA173D}.Debug|Any CPU.ActiveCfg = Debug|Any CPU
		{69FFFD12-C8EF-4522-AE56-AD3D75FA173D}.Debug|Any CPU.Build.0 = Debug|Any CPU
		{69FFFD12-C8EF-4522-AE56-AD3D75FA173D}.Release|Any CPU.ActiveCfg = Release|Any CPU
		{69FFFD12-C8EF-4522-AE56-AD3D75FA173D}.Release|Any CPU.Build.0 = Release|Any CPU
		{74BEBCCA-FCCB-4607-A9CD-4EC6B585CC40}.Debug|Any CPU.ActiveCfg = Debug|Any CPU
		{74BEBCCA-FCCB-4607-A9CD-4EC6B585CC40}.Debug|Any CPU.Build.0 = Debug|Any CPU
		{74BEBCCA-FCCB-4607-A9CD-4EC6B585CC40}.Release|Any CPU.ActiveCfg = Release|Any CPU
		{74BEBCCA-FCCB-4607-A9CD-4EC6B585CC40}.Release|Any CPU.Build.0 = Release|Any CPU
		{9313DEC2-06BE-4BE2-91AB-B1868A6928D9}.Debug|Any CPU.ActiveCfg = Debug|Any CPU
		{9313DEC2-06BE-4BE2-91AB-B1868A6928D9}.Debug|Any CPU.Build.0 = Debug|Any CPU
		{9313DEC2-06BE-4BE2-91AB-B1868A6928D9}.Release|Any CPU.ActiveCfg = Release|Any CPU
		{9313DEC2-06BE-4BE2-91AB-B1868A6928D9}.Release|Any CPU.Build.0 = Release|Any CPU
		{DD3C2D27-6350-46DB-995D-5DC2897BE0FE}.Debug|Any CPU.ActiveCfg = Debug|Any CPU
		{DD3C2D27-6350-46DB-995D-5DC2897BE0FE}.Debug|Any CPU.Build.0 = Debug|Any CPU
		{DD3C2D27-6350-46DB-995D-5DC2897BE0FE}.Release|Any CPU.ActiveCfg = Release|Any CPU
		{DD3C2D27-6350-46DB-995D-5DC2897BE0FE}.Release|Any CPU.Build.0 = Release|Any CPU
		{8B457249-4A68-4048-878C-5CCF9CE33882}.Debug|Any CPU.ActiveCfg = Debug|Any CPU
		{8B457249-4A68-4048-878C-5CCF9CE33882}.Debug|Any CPU.Build.0 = Debug|Any CPU
		{8B457249-4A68-4048-878C-5CCF9CE33882}.Release|Any CPU.ActiveCfg = Release|Any CPU
		{8B457249-4A68-4048-878C-5CCF9CE33882}.Release|Any CPU.Build.0 = Release|Any CPU
		{60EE6A38-8B68-4EF1-8FB4-9F39DB267F1F}.Debug|Any CPU.ActiveCfg = Debug|Any CPU
		{60EE6A38-8B68-4EF1-8FB4-9F39DB267F1F}.Debug|Any CPU.Build.0 = Debug|Any CPU
		{60EE6A38-8B68-4EF1-8FB4-9F39DB267F1F}.Release|Any CPU.ActiveCfg = Release|Any CPU
		{60EE6A38-8B68-4EF1-8FB4-9F39DB267F1F}.Release|Any CPU.Build.0 = Release|Any CPU
	EndGlobalSection
	GlobalSection(SolutionProperties) = preSolution
		HideSolutionNode = FALSE
	EndGlobalSection
	GlobalSection(ExtensibilityGlobals) = postSolution
		SolutionGuid = {264AC462-9AEF-4696-8884-0A29C73EE121}
	EndGlobalSection
EndGlobal
