
Microsoft Visual Studio Solution File, Format Version 12.00
# Visual Studio Version 16
VisualStudioVersion = 16.0.31112.23
MinimumVisualStudioVersion = 10.0.40219.1
Project("{9A19103F-16F7-4668-BE54-9A1E7A4F7556}") = "PipesInPool", "ConsoleApp2\PipesInPool.csproj", "{5012B582-B8CB-4D28-A4BA-1C98FC52D568}"
EndProject
Project("{9A19103F-16F7-4668-BE54-9A1E7A4F7556}") = "SleepyTomCat", "SleepyTomCat\SleepyTomCat.csproj", "{18313A33-D2D2-4CF3-8C7A-632125332989}"
EndProject
Project("{FAE04EC0-301F-11D3-BF4B-00C04F79EFBC}") = "Harvest", "Harvest\Harvest.csproj", "{770B92BA-7387-4F16-A610-C0F696FF4713}"
EndProject
Project("{FAE04EC0-301F-11D3-BF4B-00C04F79EFBC}") = "TransportPrice", "TransportPrice\TransportPrice.csproj", "{62C159C7-8EC5-4F68-818E-829A937D9C7E}"
EndProject
Project("{FAE04EC0-301F-11D3-BF4B-00C04F79EFBC}") = "Firm", "Firm\Firm.csproj", "{24C1B3F3-CDEE-4485-BA7F-AFD7564DAD7F}"
EndProject
Project("{FAE04EC0-301F-11D3-BF4B-00C04F79EFBC}") = "Pets", "Pets\Pets.csproj", "{02E1D886-A9BD-456C-BDEC-1BA54DCF0085}"
EndProject
Project("{FAE04EC0-301F-11D3-BF4B-00C04F79EFBC}") = "FlowerShop", "FlowerShop\FlowerShop.csproj", "{E95CC31E-8262-432D-B765-3E2B25397A92}"
EndProject
Project("{FAE04EC0-301F-11D3-BF4B-00C04F79EFBC}") = "FuelTank", "FuelTank\FuelTank.csproj", "{36654A0B-86BA-4317-A44B-691DB63D6FFE}"
EndProject
Project("{FAE04EC0-301F-11D3-BF4B-00C04F79EFBC}") = "FuelTankPart2", "FuelTankPart2\FuelTankPart2.csproj", "{74EE98E1-90C5-4D22-A676-536B6CB11E61}"
EndProject
Global
	GlobalSection(SolutionConfigurationPlatforms) = preSolution
		Debug|Any CPU = Debug|Any CPU
		Release|Any CPU = Release|Any CPU
	EndGlobalSection
	GlobalSection(ProjectConfigurationPlatforms) = postSolution
		{5012B582-B8CB-4D28-A4BA-1C98FC52D568}.Debug|Any CPU.ActiveCfg = Debug|Any CPU
		{5012B582-B8CB-4D28-A4BA-1C98FC52D568}.Debug|Any CPU.Build.0 = Debug|Any CPU
		{5012B582-B8CB-4D28-A4BA-1C98FC52D568}.Release|Any CPU.ActiveCfg = Release|Any CPU
		{5012B582-B8CB-4D28-A4BA-1C98FC52D568}.Release|Any CPU.Build.0 = Release|Any CPU
		{18313A33-D2D2-4CF3-8C7A-632125332989}.Debug|Any CPU.ActiveCfg = Debug|Any CPU
		{18313A33-D2D2-4CF3-8C7A-632125332989}.Debug|Any CPU.Build.0 = Debug|Any CPU
		{18313A33-D2D2-4CF3-8C7A-632125332989}.Release|Any CPU.ActiveCfg = Release|Any CPU
		{18313A33-D2D2-4CF3-8C7A-632125332989}.Release|Any CPU.Build.0 = Release|Any CPU
		{770B92BA-7387-4F16-A610-C0F696FF4713}.Debug|Any CPU.ActiveCfg = Debug|Any CPU
		{770B92BA-7387-4F16-A610-C0F696FF4713}.Debug|Any CPU.Build.0 = Debug|Any CPU
		{770B92BA-7387-4F16-A610-C0F696FF4713}.Release|Any CPU.ActiveCfg = Release|Any CPU
		{770B92BA-7387-4F16-A610-C0F696FF4713}.Release|Any CPU.Build.0 = Release|Any CPU
		{62C159C7-8EC5-4F68-818E-829A937D9C7E}.Debug|Any CPU.ActiveCfg = Debug|Any CPU
		{62C159C7-8EC5-4F68-818E-829A937D9C7E}.Debug|Any CPU.Build.0 = Debug|Any CPU
		{62C159C7-8EC5-4F68-818E-829A937D9C7E}.Release|Any CPU.ActiveCfg = Release|Any CPU
		{62C159C7-8EC5-4F68-818E-829A937D9C7E}.Release|Any CPU.Build.0 = Release|Any CPU
		{24C1B3F3-CDEE-4485-BA7F-AFD7564DAD7F}.Debug|Any CPU.ActiveCfg = Debug|Any CPU
		{24C1B3F3-CDEE-4485-BA7F-AFD7564DAD7F}.Debug|Any CPU.Build.0 = Debug|Any CPU
		{24C1B3F3-CDEE-4485-BA7F-AFD7564DAD7F}.Release|Any CPU.ActiveCfg = Release|Any CPU
		{24C1B3F3-CDEE-4485-BA7F-AFD7564DAD7F}.Release|Any CPU.Build.0 = Release|Any CPU
		{02E1D886-A9BD-456C-BDEC-1BA54DCF0085}.Debug|Any CPU.ActiveCfg = Debug|Any CPU
		{02E1D886-A9BD-456C-BDEC-1BA54DCF0085}.Debug|Any CPU.Build.0 = Debug|Any CPU
		{02E1D886-A9BD-456C-BDEC-1BA54DCF0085}.Release|Any CPU.ActiveCfg = Release|Any CPU
		{02E1D886-A9BD-456C-BDEC-1BA54DCF0085}.Release|Any CPU.Build.0 = Release|Any CPU
		{E95CC31E-8262-432D-B765-3E2B25397A92}.Debug|Any CPU.ActiveCfg = Debug|Any CPU
		{E95CC31E-8262-432D-B765-3E2B25397A92}.Debug|Any CPU.Build.0 = Debug|Any CPU
		{E95CC31E-8262-432D-B765-3E2B25397A92}.Release|Any CPU.ActiveCfg = Release|Any CPU
		{E95CC31E-8262-432D-B765-3E2B25397A92}.Release|Any CPU.Build.0 = Release|Any CPU
		{36654A0B-86BA-4317-A44B-691DB63D6FFE}.Debug|Any CPU.ActiveCfg = Debug|Any CPU
		{36654A0B-86BA-4317-A44B-691DB63D6FFE}.Debug|Any CPU.Build.0 = Debug|Any CPU
		{36654A0B-86BA-4317-A44B-691DB63D6FFE}.Release|Any CPU.ActiveCfg = Release|Any CPU
		{36654A0B-86BA-4317-A44B-691DB63D6FFE}.Release|Any CPU.Build.0 = Release|Any CPU
		{74EE98E1-90C5-4D22-A676-536B6CB11E61}.Debug|Any CPU.ActiveCfg = Debug|Any CPU
		{74EE98E1-90C5-4D22-A676-536B6CB11E61}.Debug|Any CPU.Build.0 = Debug|Any CPU
		{74EE98E1-90C5-4D22-A676-536B6CB11E61}.Release|Any CPU.ActiveCfg = Release|Any CPU
		{74EE98E1-90C5-4D22-A676-536B6CB11E61}.Release|Any CPU.Build.0 = Release|Any CPU
	EndGlobalSection
	GlobalSection(SolutionProperties) = preSolution
		HideSolutionNode = FALSE
	EndGlobalSection
	GlobalSection(ExtensibilityGlobals) = postSolution
		SolutionGuid = {B0095DE5-6631-40DB-82E1-B8DBFB0DEA01}
	EndGlobalSection
EndGlobal
