
Microsoft Visual Studio Solution File, Format Version 12.00
# Visual Studio Version 16
VisualStudioVersion = 16.0.31105.61
MinimumVisualStudioVersion = 10.0.40219.1
Project("{FAE04EC0-301F-11D3-BF4B-00C04F79EFBC}") = "ExcellentResult", "ConsoleApp1\ExcellentResult.csproj", "{C03552B5-B712-4D4B-8A03-D0F25337B078}"
EndProject
Project("{FAE04EC0-301F-11D3-BF4B-00C04F79EFBC}") = "GreaterNumber", "GreaterNumber\GreaterNumber.csproj", "{0074DA1A-FBC3-4E72-A34A-05D5D356099D}"
EndProject
Project("{FAE04EC0-301F-11D3-BF4B-00C04F79EFBC}") = "EvenorOdd", "EvenorOdd\EvenorOdd.csproj", "{92ABEA58-AEC9-483C-815D-C1FB531A4D04}"
EndProject
Project("{FAE04EC0-301F-11D3-BF4B-00C04F79EFBC}") = "Number100to200", "Number100to200\Number100to200.csproj", "{780698FE-A8AA-42CB-B408-251DFE9F5429}"
EndProject
Project("{FAE04EC0-301F-11D3-BF4B-00C04F79EFBC}") = "PasswordGuess", "PasswordGuess\PasswordGuess.csproj", "{507683AE-E0D5-453B-85EE-95DDAD5937D9}"
EndProject
Project("{FAE04EC0-301F-11D3-BF4B-00C04F79EFBC}") = "AreaofFigures", "AreaofFigures\AreaofFigures.csproj", "{2EDB06D4-5F5C-40F8-9FE5-B009A3E3E22B}"
EndProject
Project("{FAE04EC0-301F-11D3-BF4B-00C04F79EFBC}") = "ToyShop", "ToyShop\ToyShop.csproj", "{C30EB578-8B3C-4A23-9E72-41F36C92A127}"
EndProject
Global
	GlobalSection(SolutionConfigurationPlatforms) = preSolution
		Debug|Any CPU = Debug|Any CPU
		Release|Any CPU = Release|Any CPU
	EndGlobalSection
	GlobalSection(ProjectConfigurationPlatforms) = postSolution
		{C03552B5-B712-4D4B-8A03-D0F25337B078}.Debug|Any CPU.ActiveCfg = Debug|Any CPU
		{C03552B5-B712-4D4B-8A03-D0F25337B078}.Debug|Any CPU.Build.0 = Debug|Any CPU
		{C03552B5-B712-4D4B-8A03-D0F25337B078}.Release|Any CPU.ActiveCfg = Release|Any CPU
		{C03552B5-B712-4D4B-8A03-D0F25337B078}.Release|Any CPU.Build.0 = Release|Any CPU
		{0074DA1A-FBC3-4E72-A34A-05D5D356099D}.Debug|Any CPU.ActiveCfg = Debug|Any CPU
		{0074DA1A-FBC3-4E72-A34A-05D5D356099D}.Debug|Any CPU.Build.0 = Debug|Any CPU
		{0074DA1A-FBC3-4E72-A34A-05D5D356099D}.Release|Any CPU.ActiveCfg = Release|Any CPU
		{0074DA1A-FBC3-4E72-A34A-05D5D356099D}.Release|Any CPU.Build.0 = Release|Any CPU
		{92ABEA58-AEC9-483C-815D-C1FB531A4D04}.Debug|Any CPU.ActiveCfg = Debug|Any CPU
		{92ABEA58-AEC9-483C-815D-C1FB531A4D04}.Debug|Any CPU.Build.0 = Debug|Any CPU
		{92ABEA58-AEC9-483C-815D-C1FB531A4D04}.Release|Any CPU.ActiveCfg = Release|Any CPU
		{92ABEA58-AEC9-483C-815D-C1FB531A4D04}.Release|Any CPU.Build.0 = Release|Any CPU
		{780698FE-A8AA-42CB-B408-251DFE9F5429}.Debug|Any CPU.ActiveCfg = Debug|Any CPU
		{780698FE-A8AA-42CB-B408-251DFE9F5429}.Debug|Any CPU.Build.0 = Debug|Any CPU
		{780698FE-A8AA-42CB-B408-251DFE9F5429}.Release|Any CPU.ActiveCfg = Release|Any CPU
		{780698FE-A8AA-42CB-B408-251DFE9F5429}.Release|Any CPU.Build.0 = Release|Any CPU
		{507683AE-E0D5-453B-85EE-95DDAD5937D9}.Debug|Any CPU.ActiveCfg = Debug|Any CPU
		{507683AE-E0D5-453B-85EE-95DDAD5937D9}.Debug|Any CPU.Build.0 = Debug|Any CPU
		{507683AE-E0D5-453B-85EE-95DDAD5937D9}.Release|Any CPU.ActiveCfg = Release|Any CPU
		{507683AE-E0D5-453B-85EE-95DDAD5937D9}.Release|Any CPU.Build.0 = Release|Any CPU
		{2EDB06D4-5F5C-40F8-9FE5-B009A3E3E22B}.Debug|Any CPU.ActiveCfg = Debug|Any CPU
		{2EDB06D4-5F5C-40F8-9FE5-B009A3E3E22B}.Debug|Any CPU.Build.0 = Debug|Any CPU
		{2EDB06D4-5F5C-40F8-9FE5-B009A3E3E22B}.Release|Any CPU.ActiveCfg = Release|Any CPU
		{2EDB06D4-5F5C-40F8-9FE5-B009A3E3E22B}.Release|Any CPU.Build.0 = Release|Any CPU
		{C30EB578-8B3C-4A23-9E72-41F36C92A127}.Debug|Any CPU.ActiveCfg = Debug|Any CPU
		{C30EB578-8B3C-4A23-9E72-41F36C92A127}.Debug|Any CPU.Build.0 = Debug|Any CPU
		{C30EB578-8B3C-4A23-9E72-41F36C92A127}.Release|Any CPU.ActiveCfg = Release|Any CPU
		{C30EB578-8B3C-4A23-9E72-41F36C92A127}.Release|Any CPU.Build.0 = Release|Any CPU
	EndGlobalSection
	GlobalSection(SolutionProperties) = preSolution
		HideSolutionNode = FALSE
	EndGlobalSection
	GlobalSection(ExtensibilityGlobals) = postSolution
		SolutionGuid = {977C2E26-46CE-4FAC-AA31-CB30FFA58AE6}
	EndGlobalSection
EndGlobal
