
Microsoft Visual Studio Solution File, Format Version 12.00
# Visual Studio Version 16
VisualStudioVersion = 16.0.31205.134
MinimumVisualStudioVersion = 10.0.40219.1
Project("{FAE04EC0-301F-11D3-BF4B-00C04F79EFBC}") = "StudentInformation", "LabIntroandBasicSyntax\StudentInformation.csproj", "{86C198BC-9E8E-462D-BD0F-EC04BA97DA0D}"
EndProject
Project("{FAE04EC0-301F-11D3-BF4B-00C04F79EFBC}") = "Passed", "Passed\Passed.csproj", "{C03D838D-EA6A-4DB1-B745-E39978DF6A77}"
EndProject
Project("{FAE04EC0-301F-11D3-BF4B-00C04F79EFBC}") = "PassedOrFailed", "PassedOrFailed\PassedOrFailed.csproj", "{CD6997D9-D996-42F4-9CFC-84D1595B2473}"
EndProject
Project("{FAE04EC0-301F-11D3-BF4B-00C04F79EFBC}") = "BackIn30Minutes", "BackIn30Minutes\BackIn30Minutes.csproj", "{23BD62E5-D6AC-47B4-A6BE-BDDCC4DCA78E}"
EndProject
Project("{FAE04EC0-301F-11D3-BF4B-00C04F79EFBC}") = "MonthPrinter", "MonthPrinter\MonthPrinter.csproj", "{FA66D31D-B9D9-4CB5-8D2B-902237A6D7A3}"
EndProject
Project("{FAE04EC0-301F-11D3-BF4B-00C04F79EFBC}") = "ForeignLanguages", "ForeignLanguages\ForeignLanguages.csproj", "{EDF30482-D474-452A-9D39-3F663B1D85CF}"
EndProject
Project("{FAE04EC0-301F-11D3-BF4B-00C04F79EFBC}") = "TheatrePromotion", "TheatrePromotion\TheatrePromotion.csproj", "{203D26C7-9EF2-47C5-A101-F8AC7404F292}"
EndProject
Project("{FAE04EC0-301F-11D3-BF4B-00C04F79EFBC}") = "Divisibleby3", "Divisibleby3\Divisibleby3.csproj", "{CC26FCCE-2634-48E3-8605-1A5D0F93F044}"
EndProject
Project("{FAE04EC0-301F-11D3-BF4B-00C04F79EFBC}") = "SumofOddNumbers", "SumofOddNumbers\SumofOddNumbers.csproj", "{9CD7D796-929D-4BAE-93F0-2E4FE125A42B}"
EndProject
Project("{FAE04EC0-301F-11D3-BF4B-00C04F79EFBC}") = "MultiplicationTable", "MultiplicationTable\MultiplicationTable.csproj", "{98BC2724-5E21-4B82-A7C8-7C8E67DF4E77}"
EndProject
Project("{FAE04EC0-301F-11D3-BF4B-00C04F79EFBC}") = "MultiplicationTable2.0", "MultiplicationTable2.0\MultiplicationTable2.0.csproj", "{17FAF947-5D7E-41E2-A102-7997D0BEC2AA}"
EndProject
Project("{FAE04EC0-301F-11D3-BF4B-00C04F79EFBC}") = "EvenNumber", "EvenNumber\EvenNumber.csproj", "{F337354E-8E0A-44C2-ADF2-1BD3F20D51AE}"
EndProject
Project("{FAE04EC0-301F-11D3-BF4B-00C04F79EFBC}") = "HolidaysBetweenTwoDates", "HolidaysBetweenTwoDates\HolidaysBetweenTwoDates.csproj", "{5FBB89D7-34CB-4272-B564-3D8486A103F3}"
EndProject
Global
	GlobalSection(SolutionConfigurationPlatforms) = preSolution
		Debug|Any CPU = Debug|Any CPU
		Release|Any CPU = Release|Any CPU
	EndGlobalSection
	GlobalSection(ProjectConfigurationPlatforms) = postSolution
		{86C198BC-9E8E-462D-BD0F-EC04BA97DA0D}.Debug|Any CPU.ActiveCfg = Debug|Any CPU
		{86C198BC-9E8E-462D-BD0F-EC04BA97DA0D}.Debug|Any CPU.Build.0 = Debug|Any CPU
		{86C198BC-9E8E-462D-BD0F-EC04BA97DA0D}.Release|Any CPU.ActiveCfg = Release|Any CPU
		{86C198BC-9E8E-462D-BD0F-EC04BA97DA0D}.Release|Any CPU.Build.0 = Release|Any CPU
		{C03D838D-EA6A-4DB1-B745-E39978DF6A77}.Debug|Any CPU.ActiveCfg = Debug|Any CPU
		{C03D838D-EA6A-4DB1-B745-E39978DF6A77}.Debug|Any CPU.Build.0 = Debug|Any CPU
		{C03D838D-EA6A-4DB1-B745-E39978DF6A77}.Release|Any CPU.ActiveCfg = Release|Any CPU
		{C03D838D-EA6A-4DB1-B745-E39978DF6A77}.Release|Any CPU.Build.0 = Release|Any CPU
		{CD6997D9-D996-42F4-9CFC-84D1595B2473}.Debug|Any CPU.ActiveCfg = Debug|Any CPU
		{CD6997D9-D996-42F4-9CFC-84D1595B2473}.Debug|Any CPU.Build.0 = Debug|Any CPU
		{CD6997D9-D996-42F4-9CFC-84D1595B2473}.Release|Any CPU.ActiveCfg = Release|Any CPU
		{CD6997D9-D996-42F4-9CFC-84D1595B2473}.Release|Any CPU.Build.0 = Release|Any CPU
		{23BD62E5-D6AC-47B4-A6BE-BDDCC4DCA78E}.Debug|Any CPU.ActiveCfg = Debug|Any CPU
		{23BD62E5-D6AC-47B4-A6BE-BDDCC4DCA78E}.Debug|Any CPU.Build.0 = Debug|Any CPU
		{23BD62E5-D6AC-47B4-A6BE-BDDCC4DCA78E}.Release|Any CPU.ActiveCfg = Release|Any CPU
		{23BD62E5-D6AC-47B4-A6BE-BDDCC4DCA78E}.Release|Any CPU.Build.0 = Release|Any CPU
		{FA66D31D-B9D9-4CB5-8D2B-902237A6D7A3}.Debug|Any CPU.ActiveCfg = Debug|Any CPU
		{FA66D31D-B9D9-4CB5-8D2B-902237A6D7A3}.Debug|Any CPU.Build.0 = Debug|Any CPU
		{FA66D31D-B9D9-4CB5-8D2B-902237A6D7A3}.Release|Any CPU.ActiveCfg = Release|Any CPU
		{FA66D31D-B9D9-4CB5-8D2B-902237A6D7A3}.Release|Any CPU.Build.0 = Release|Any CPU
		{EDF30482-D474-452A-9D39-3F663B1D85CF}.Debug|Any CPU.ActiveCfg = Debug|Any CPU
		{EDF30482-D474-452A-9D39-3F663B1D85CF}.Debug|Any CPU.Build.0 = Debug|Any CPU
		{EDF30482-D474-452A-9D39-3F663B1D85CF}.Release|Any CPU.ActiveCfg = Release|Any CPU
		{EDF30482-D474-452A-9D39-3F663B1D85CF}.Release|Any CPU.Build.0 = Release|Any CPU
		{203D26C7-9EF2-47C5-A101-F8AC7404F292}.Debug|Any CPU.ActiveCfg = Debug|Any CPU
		{203D26C7-9EF2-47C5-A101-F8AC7404F292}.Debug|Any CPU.Build.0 = Debug|Any CPU
		{203D26C7-9EF2-47C5-A101-F8AC7404F292}.Release|Any CPU.ActiveCfg = Release|Any CPU
		{203D26C7-9EF2-47C5-A101-F8AC7404F292}.Release|Any CPU.Build.0 = Release|Any CPU
		{CC26FCCE-2634-48E3-8605-1A5D0F93F044}.Debug|Any CPU.ActiveCfg = Debug|Any CPU
		{CC26FCCE-2634-48E3-8605-1A5D0F93F044}.Debug|Any CPU.Build.0 = Debug|Any CPU
		{CC26FCCE-2634-48E3-8605-1A5D0F93F044}.Release|Any CPU.ActiveCfg = Release|Any CPU
		{CC26FCCE-2634-48E3-8605-1A5D0F93F044}.Release|Any CPU.Build.0 = Release|Any CPU
		{9CD7D796-929D-4BAE-93F0-2E4FE125A42B}.Debug|Any CPU.ActiveCfg = Debug|Any CPU
		{9CD7D796-929D-4BAE-93F0-2E4FE125A42B}.Debug|Any CPU.Build.0 = Debug|Any CPU
		{9CD7D796-929D-4BAE-93F0-2E4FE125A42B}.Release|Any CPU.ActiveCfg = Release|Any CPU
		{9CD7D796-929D-4BAE-93F0-2E4FE125A42B}.Release|Any CPU.Build.0 = Release|Any CPU
		{98BC2724-5E21-4B82-A7C8-7C8E67DF4E77}.Debug|Any CPU.ActiveCfg = Debug|Any CPU
		{98BC2724-5E21-4B82-A7C8-7C8E67DF4E77}.Debug|Any CPU.Build.0 = Debug|Any CPU
		{98BC2724-5E21-4B82-A7C8-7C8E67DF4E77}.Release|Any CPU.ActiveCfg = Release|Any CPU
		{98BC2724-5E21-4B82-A7C8-7C8E67DF4E77}.Release|Any CPU.Build.0 = Release|Any CPU
		{17FAF947-5D7E-41E2-A102-7997D0BEC2AA}.Debug|Any CPU.ActiveCfg = Debug|Any CPU
		{17FAF947-5D7E-41E2-A102-7997D0BEC2AA}.Debug|Any CPU.Build.0 = Debug|Any CPU
		{17FAF947-5D7E-41E2-A102-7997D0BEC2AA}.Release|Any CPU.ActiveCfg = Release|Any CPU
		{17FAF947-5D7E-41E2-A102-7997D0BEC2AA}.Release|Any CPU.Build.0 = Release|Any CPU
		{F337354E-8E0A-44C2-ADF2-1BD3F20D51AE}.Debug|Any CPU.ActiveCfg = Debug|Any CPU
		{F337354E-8E0A-44C2-ADF2-1BD3F20D51AE}.Debug|Any CPU.Build.0 = Debug|Any CPU
		{F337354E-8E0A-44C2-ADF2-1BD3F20D51AE}.Release|Any CPU.ActiveCfg = Release|Any CPU
		{F337354E-8E0A-44C2-ADF2-1BD3F20D51AE}.Release|Any CPU.Build.0 = Release|Any CPU
		{5FBB89D7-34CB-4272-B564-3D8486A103F3}.Debug|Any CPU.ActiveCfg = Debug|Any CPU
		{5FBB89D7-34CB-4272-B564-3D8486A103F3}.Debug|Any CPU.Build.0 = Debug|Any CPU
		{5FBB89D7-34CB-4272-B564-3D8486A103F3}.Release|Any CPU.ActiveCfg = Release|Any CPU
		{5FBB89D7-34CB-4272-B564-3D8486A103F3}.Release|Any CPU.Build.0 = Release|Any CPU
	EndGlobalSection
	GlobalSection(SolutionProperties) = preSolution
		HideSolutionNode = FALSE
	EndGlobalSection
	GlobalSection(ExtensibilityGlobals) = postSolution
		SolutionGuid = {D93245A5-A5E4-427B-9345-3606656D0EAE}
	EndGlobalSection
EndGlobal
