
Microsoft Visual Studio Solution File, Format Version 12.00
# Visual Studio Version 16
VisualStudioVersion = 16.0.31729.503
MinimumVisualStudioVersion = 10.0.40219.1
Project("{9A19103F-16F7-4668-BE54-9A1E7A4F7556}") = "ClassroomProject", "ClassroomProject.csproj", "{8870EC92-4661-4636-A2BD-EE8D92B1E85A}"
EndProject
Global
	GlobalSection(SolutionConfigurationPlatforms) = preSolution
		Debug|Any CPU = Debug|Any CPU
		Release|Any CPU = Release|Any CPU
	EndGlobalSection
	GlobalSection(ProjectConfigurationPlatforms) = postSolution
		{8870EC92-4661-4636-A2BD-EE8D92B1E85A}.Debug|Any CPU.ActiveCfg = Debug|Any CPU
		{8870EC92-4661-4636-A2BD-EE8D92B1E85A}.Debug|Any CPU.Build.0 = Debug|Any CPU
		{8870EC92-4661-4636-A2BD-EE8D92B1E85A}.Release|Any CPU.ActiveCfg = Release|Any CPU
		{8870EC92-4661-4636-A2BD-EE8D92B1E85A}.Release|Any CPU.Build.0 = Release|Any CPU
	EndGlobalSection
	GlobalSection(SolutionProperties) = preSolution
		HideSolutionNode = FALSE
	EndGlobalSection
	GlobalSection(ExtensibilityGlobals) = postSolution
		SolutionGuid = {1A29BFFC-CB06-4930-844D-6030CA7307CD}
	EndGlobalSection
EndGlobal
