
Microsoft Visual Studio Solution File, Format Version 12.00
# Visual Studio Version 16
VisualStudioVersion = 16.0.31729.503
MinimumVisualStudioVersion = 10.0.40219.1
Project("{FAE04EC0-301F-11D3-BF4B-00C04F79EFBC}") = "InheritanceExercise", "InheritanceExercise\InheritanceExercise.csproj", "{60FEB4E2-3EE3-44BE-9F06-F1AD4BA1BF78}"
EndProject
Global
	GlobalSection(SolutionConfigurationPlatforms) = preSolution
		Debug|Any CPU = Debug|Any CPU
		Release|Any CPU = Release|Any CPU
	EndGlobalSection
	GlobalSection(ProjectConfigurationPlatforms) = postSolution
		{60FEB4E2-3EE3-44BE-9F06-F1AD4BA1BF78}.Debug|Any CPU.ActiveCfg = Debug|Any CPU
		{60FEB4E2-3EE3-44BE-9F06-F1AD4BA1BF78}.Debug|Any CPU.Build.0 = Debug|Any CPU
		{60FEB4E2-3EE3-44BE-9F06-F1AD4BA1BF78}.Release|Any CPU.ActiveCfg = Release|Any CPU
		{60FEB4E2-3EE3-44BE-9F06-F1AD4BA1BF78}.Release|Any CPU.Build.0 = Release|Any CPU
	EndGlobalSection
	GlobalSection(SolutionProperties) = preSolution
		HideSolutionNode = FALSE
	EndGlobalSection
	GlobalSection(ExtensibilityGlobals) = postSolution
		SolutionGuid = {03AE5191-0063-4B7B-AAAB-3A13CAA48110}
	EndGlobalSection
EndGlobal
