
Microsoft Visual Studio Solution File, Format Version 12.00
# Visual Studio Version 16
VisualStudioVersion = 16.0.31112.23
MinimumVisualStudioVersion = 10.0.40219.1
Project("{FAE04EC0-301F-11D3-BF4B-00C04F79EFBC}") = "Rectangle", "DrawingFigures\Rectangle.csproj", "{6FFD194A-402D-484A-BF19-8BC2871D518F}"
EndProject
Project("{FAE04EC0-301F-11D3-BF4B-00C04F79EFBC}") = "Rectangle2", "Rectangle2\Rectangle2.csproj", "{04B4F3BE-4D12-4B92-A6D2-BA234DD83C17}"
EndProject
Project("{FAE04EC0-301F-11D3-BF4B-00C04F79EFBC}") = "SquareofStars", "SquareofStars\SquareofStars.csproj", "{A231A705-EC6A-47C6-88F9-89D76BB83DC2}"
EndProject
Project("{FAE04EC0-301F-11D3-BF4B-00C04F79EFBC}") = "TriangleofDollars", "TriangleofDollars\TriangleofDollars.csproj", "{D642CC44-2395-49B5-A9DB-39E2871B29F7}"
EndProject
Project("{FAE04EC0-301F-11D3-BF4B-00C04F79EFBC}") = "SquareFrame", "SquareFrame\SquareFrame.csproj", "{898222D0-5E07-4A33-BA9E-0BE74A1BFEC0}"
EndProject
Project("{FAE04EC0-301F-11D3-BF4B-00C04F79EFBC}") = "RhombusofStars", "RhombusofStars\RhombusofStars.csproj", "{6650685E-9088-4910-97A6-E03963721DED}"
EndProject
Global
	GlobalSection(SolutionConfigurationPlatforms) = preSolution
		Debug|Any CPU = Debug|Any CPU
		Release|Any CPU = Release|Any CPU
	EndGlobalSection
	GlobalSection(ProjectConfigurationPlatforms) = postSolution
		{6FFD194A-402D-484A-BF19-8BC2871D518F}.Debug|Any CPU.ActiveCfg = Debug|Any CPU
		{6FFD194A-402D-484A-BF19-8BC2871D518F}.Debug|Any CPU.Build.0 = Debug|Any CPU
		{6FFD194A-402D-484A-BF19-8BC2871D518F}.Release|Any CPU.ActiveCfg = Release|Any CPU
		{6FFD194A-402D-484A-BF19-8BC2871D518F}.Release|Any CPU.Build.0 = Release|Any CPU
		{04B4F3BE-4D12-4B92-A6D2-BA234DD83C17}.Debug|Any CPU.ActiveCfg = Debug|Any CPU
		{04B4F3BE-4D12-4B92-A6D2-BA234DD83C17}.Debug|Any CPU.Build.0 = Debug|Any CPU
		{04B4F3BE-4D12-4B92-A6D2-BA234DD83C17}.Release|Any CPU.ActiveCfg = Release|Any CPU
		{04B4F3BE-4D12-4B92-A6D2-BA234DD83C17}.Release|Any CPU.Build.0 = Release|Any CPU
		{A231A705-EC6A-47C6-88F9-89D76BB83DC2}.Debug|Any CPU.ActiveCfg = Debug|Any CPU
		{A231A705-EC6A-47C6-88F9-89D76BB83DC2}.Debug|Any CPU.Build.0 = Debug|Any CPU
		{A231A705-EC6A-47C6-88F9-89D76BB83DC2}.Release|Any CPU.ActiveCfg = Release|Any CPU
		{A231A705-EC6A-47C6-88F9-89D76BB83DC2}.Release|Any CPU.Build.0 = Release|Any CPU
		{D642CC44-2395-49B5-A9DB-39E2871B29F7}.Debug|Any CPU.ActiveCfg = Debug|Any CPU
		{D642CC44-2395-49B5-A9DB-39E2871B29F7}.Debug|Any CPU.Build.0 = Debug|Any CPU
		{D642CC44-2395-49B5-A9DB-39E2871B29F7}.Release|Any CPU.ActiveCfg = Release|Any CPU
		{D642CC44-2395-49B5-A9DB-39E2871B29F7}.Release|Any CPU.Build.0 = Release|Any CPU
		{898222D0-5E07-4A33-BA9E-0BE74A1BFEC0}.Debug|Any CPU.ActiveCfg = Debug|Any CPU
		{898222D0-5E07-4A33-BA9E-0BE74A1BFEC0}.Debug|Any CPU.Build.0 = Debug|Any CPU
		{898222D0-5E07-4A33-BA9E-0BE74A1BFEC0}.Release|Any CPU.ActiveCfg = Release|Any CPU
		{898222D0-5E07-4A33-BA9E-0BE74A1BFEC0}.Release|Any CPU.Build.0 = Release|Any CPU
		{6650685E-9088-4910-97A6-E03963721DED}.Debug|Any CPU.ActiveCfg = Debug|Any CPU
		{6650685E-9088-4910-97A6-E03963721DED}.Debug|Any CPU.Build.0 = Debug|Any CPU
		{6650685E-9088-4910-97A6-E03963721DED}.Release|Any CPU.ActiveCfg = Release|Any CPU
		{6650685E-9088-4910-97A6-E03963721DED}.Release|Any CPU.Build.0 = Release|Any CPU
	EndGlobalSection
	GlobalSection(SolutionProperties) = preSolution
		HideSolutionNode = FALSE
	EndGlobalSection
	GlobalSection(ExtensibilityGlobals) = postSolution
		SolutionGuid = {184D1F72-45AA-40BE-B342-ACAA2EF22D5F}
	EndGlobalSection
EndGlobal
