
Microsoft Visual Studio Solution File, Format Version 12.00
# Visual Studio Version 16
VisualStudioVersion = 16.0.31112.23
MinimumVisualStudioVersion = 10.0.40219.1
Project("{FAE04EC0-301F-11D3-BF4B-00C04F79EFBC}") = "TrapezoidArea", "FirstStepsinCodingMoreExercises\TrapezoidArea.csproj", "{D47E1E3B-4146-47F8-B0FE-8AAC6968D925}"
EndProject
Project("{FAE04EC0-301F-11D3-BF4B-00C04F79EFBC}") = "TriangleArea", "TriangleArea\TriangleArea.csproj", "{AA6CBA1F-02B9-466D-8654-1537C64C6083}"
EndProject
Project("{FAE04EC0-301F-11D3-BF4B-00C04F79EFBC}") = "CelsiustoFahrenheit", "CelsiustoFahrenheit\CelsiustoFahrenheit.csproj", "{0C8EF81E-A11A-428E-BB1F-26C5EFA5FE73}"
EndProject
Project("{FAE04EC0-301F-11D3-BF4B-00C04F79EFBC}") = "VegetableMarket", "VegetableMarket\VegetableMarket.csproj", "{980C1D4A-EC51-4FCB-9691-C2D86BAE8075}"
EndProject
Project("{FAE04EC0-301F-11D3-BF4B-00C04F79EFBC}") = "TrainingLab", "TrainingLab\TrainingLab.csproj", "{05D1990C-1E08-40D9-9D56-7FAF55704A39}"
EndProject
Project("{FAE04EC0-301F-11D3-BF4B-00C04F79EFBC}") = "Fishland", "Fishland\Fishland.csproj", "{5EEE0ACC-7F88-41EC-A2C7-0543CF4E990F}"
EndProject
Project("{FAE04EC0-301F-11D3-BF4B-00C04F79EFBC}") = "HousePainting", "HousePainting\HousePainting.csproj", "{56338653-F0EE-4902-817D-A13730707BCB}"
EndProject
Project("{FAE04EC0-301F-11D3-BF4B-00C04F79EFBC}") = "CircleAreaandPerimeter", "CircleAreaandPerimeter\CircleAreaandPerimeter.csproj", "{361F45F1-1F1D-40B5-8FE8-2D8890F5AA96}"
EndProject
Project("{FAE04EC0-301F-11D3-BF4B-00C04F79EFBC}") = "WeatherForecast", "WeatherForecast\WeatherForecast.csproj", "{A81371DF-0007-420C-9D59-6F7F0192748F}"
EndProject
Project("{FAE04EC0-301F-11D3-BF4B-00C04F79EFBC}") = "WeatherForecastPart2", "WeatherForecastPart2\WeatherForecastPart2.csproj", "{BF21B90F-D07F-4E47-8581-2D2888CAF085}"
EndProject
Global
	GlobalSection(SolutionConfigurationPlatforms) = preSolution
		Debug|Any CPU = Debug|Any CPU
		Release|Any CPU = Release|Any CPU
	EndGlobalSection
	GlobalSection(ProjectConfigurationPlatforms) = postSolution
		{D47E1E3B-4146-47F8-B0FE-8AAC6968D925}.Debug|Any CPU.ActiveCfg = Debug|Any CPU
		{D47E1E3B-4146-47F8-B0FE-8AAC6968D925}.Debug|Any CPU.Build.0 = Debug|Any CPU
		{D47E1E3B-4146-47F8-B0FE-8AAC6968D925}.Release|Any CPU.ActiveCfg = Release|Any CPU
		{D47E1E3B-4146-47F8-B0FE-8AAC6968D925}.Release|Any CPU.Build.0 = Release|Any CPU
		{AA6CBA1F-02B9-466D-8654-1537C64C6083}.Debug|Any CPU.ActiveCfg = Debug|Any CPU
		{AA6CBA1F-02B9-466D-8654-1537C64C6083}.Debug|Any CPU.Build.0 = Debug|Any CPU
		{AA6CBA1F-02B9-466D-8654-1537C64C6083}.Release|Any CPU.ActiveCfg = Release|Any CPU
		{AA6CBA1F-02B9-466D-8654-1537C64C6083}.Release|Any CPU.Build.0 = Release|Any CPU
		{0C8EF81E-A11A-428E-BB1F-26C5EFA5FE73}.Debug|Any CPU.ActiveCfg = Debug|Any CPU
		{0C8EF81E-A11A-428E-BB1F-26C5EFA5FE73}.Debug|Any CPU.Build.0 = Debug|Any CPU
		{0C8EF81E-A11A-428E-BB1F-26C5EFA5FE73}.Release|Any CPU.ActiveCfg = Release|Any CPU
		{0C8EF81E-A11A-428E-BB1F-26C5EFA5FE73}.Release|Any CPU.Build.0 = Release|Any CPU
		{980C1D4A-EC51-4FCB-9691-C2D86BAE8075}.Debug|Any CPU.ActiveCfg = Debug|Any CPU
		{980C1D4A-EC51-4FCB-9691-C2D86BAE8075}.Debug|Any CPU.Build.0 = Debug|Any CPU
		{980C1D4A-EC51-4FCB-9691-C2D86BAE8075}.Release|Any CPU.ActiveCfg = Release|Any CPU
		{980C1D4A-EC51-4FCB-9691-C2D86BAE8075}.Release|Any CPU.Build.0 = Release|Any CPU
		{05D1990C-1E08-40D9-9D56-7FAF55704A39}.Debug|Any CPU.ActiveCfg = Debug|Any CPU
		{05D1990C-1E08-40D9-9D56-7FAF55704A39}.Debug|Any CPU.Build.0 = Debug|Any CPU
		{05D1990C-1E08-40D9-9D56-7FAF55704A39}.Release|Any CPU.ActiveCfg = Release|Any CPU
		{05D1990C-1E08-40D9-9D56-7FAF55704A39}.Release|Any CPU.Build.0 = Release|Any CPU
		{5EEE0ACC-7F88-41EC-A2C7-0543CF4E990F}.Debug|Any CPU.ActiveCfg = Debug|Any CPU
		{5EEE0ACC-7F88-41EC-A2C7-0543CF4E990F}.Debug|Any CPU.Build.0 = Debug|Any CPU
		{5EEE0ACC-7F88-41EC-A2C7-0543CF4E990F}.Release|Any CPU.ActiveCfg = Release|Any CPU
		{5EEE0ACC-7F88-41EC-A2C7-0543CF4E990F}.Release|Any CPU.Build.0 = Release|Any CPU
		{56338653-F0EE-4902-817D-A13730707BCB}.Debug|Any CPU.ActiveCfg = Debug|Any CPU
		{56338653-F0EE-4902-817D-A13730707BCB}.Debug|Any CPU.Build.0 = Debug|Any CPU
		{56338653-F0EE-4902-817D-A13730707BCB}.Release|Any CPU.ActiveCfg = Release|Any CPU
		{56338653-F0EE-4902-817D-A13730707BCB}.Release|Any CPU.Build.0 = Release|Any CPU
		{361F45F1-1F1D-40B5-8FE8-2D8890F5AA96}.Debug|Any CPU.ActiveCfg = Debug|Any CPU
		{361F45F1-1F1D-40B5-8FE8-2D8890F5AA96}.Debug|Any CPU.Build.0 = Debug|Any CPU
		{361F45F1-1F1D-40B5-8FE8-2D8890F5AA96}.Release|Any CPU.ActiveCfg = Release|Any CPU
		{361F45F1-1F1D-40B5-8FE8-2D8890F5AA96}.Release|Any CPU.Build.0 = Release|Any CPU
		{A81371DF-0007-420C-9D59-6F7F0192748F}.Debug|Any CPU.ActiveCfg = Debug|Any CPU
		{A81371DF-0007-420C-9D59-6F7F0192748F}.Debug|Any CPU.Build.0 = Debug|Any CPU
		{A81371DF-0007-420C-9D59-6F7F0192748F}.Release|Any CPU.ActiveCfg = Release|Any CPU
		{A81371DF-0007-420C-9D59-6F7F0192748F}.Release|Any CPU.Build.0 = Release|Any CPU
		{BF21B90F-D07F-4E47-8581-2D2888CAF085}.Debug|Any CPU.ActiveCfg = Debug|Any CPU
		{BF21B90F-D07F-4E47-8581-2D2888CAF085}.Debug|Any CPU.Build.0 = Debug|Any CPU
		{BF21B90F-D07F-4E47-8581-2D2888CAF085}.Release|Any CPU.ActiveCfg = Release|Any CPU
		{BF21B90F-D07F-4E47-8581-2D2888CAF085}.Release|Any CPU.Build.0 = Release|Any CPU
	EndGlobalSection
	GlobalSection(SolutionProperties) = preSolution
		HideSolutionNode = FALSE
	EndGlobalSection
	GlobalSection(ExtensibilityGlobals) = postSolution
		SolutionGuid = {97928019-4C3D-41E1-A781-9CBAE72D2BDC}
	EndGlobalSection
EndGlobal
