
Microsoft Visual Studio Solution File, Format Version 12.00
# Visual Studio Version 16
VisualStudioVersion = 16.0.31112.23
MinimumVisualStudioVersion = 10.0.40219.1
Project("{FAE04EC0-301F-11D3-BF4B-00C04F79EFBC}") = "Cinema", "ConditionalStatementsAdvancedExcercise\Cinema.csproj", "{C73404E6-A083-4611-B099-1B35BFBFE493}"
EndProject
Project("{FAE04EC0-301F-11D3-BF4B-00C04F79EFBC}") = "SummerOutfit", "SummerOutfit\SummerOutfit.csproj", "{A5821F0E-32F2-4EC2-868E-4BDF13F5BF18}"
EndProject
Project("{FAE04EC0-301F-11D3-BF4B-00C04F79EFBC}") = "NewHouse", "NewHouse\NewHouse.csproj", "{789C3DEB-985F-4185-90F1-E225B72FF1BC}"
EndProject
Project("{FAE04EC0-301F-11D3-BF4B-00C04F79EFBC}") = "FishingBoat", "FishingBoat\FishingBoat.csproj", "{3B30ED86-F8BC-4449-8D12-4F7398355841}"
EndProject
Project("{FAE04EC0-301F-11D3-BF4B-00C04F79EFBC}") = "Journey", "Journey\Journey.csproj", "{B5641519-EBFE-45A6-B854-F5EDDC0D5A8A}"
EndProject
Project("{FAE04EC0-301F-11D3-BF4B-00C04F79EFBC}") = "OperationsBetweenNumbers", "OperationsBetweenNumbers\OperationsBetweenNumbers.csproj", "{5FF92022-6CCC-471E-895F-B75383E1ED24}"
EndProject
Project("{FAE04EC0-301F-11D3-BF4B-00C04F79EFBC}") = "HotelRoom", "HotelRoom\HotelRoom.csproj", "{D03DF9AE-0C92-4DBF-9466-0F2E97ADB801}"
EndProject
Project("{FAE04EC0-301F-11D3-BF4B-00C04F79EFBC}") = "OnTimefortheExam", "OnTimefor theExam\OnTimefortheExam.csproj", "{9FD296A7-B155-4C63-92E8-54EE2D08653F}"
EndProject
Project("{FAE04EC0-301F-11D3-BF4B-00C04F79EFBC}") = "Volleyball", "Volleyball\Volleyball.csproj", "{E85B58CD-3A71-485C-B320-A657A4D5C404}"
EndProject
Global
	GlobalSection(SolutionConfigurationPlatforms) = preSolution
		Debug|Any CPU = Debug|Any CPU
		Release|Any CPU = Release|Any CPU
	EndGlobalSection
	GlobalSection(ProjectConfigurationPlatforms) = postSolution
		{C73404E6-A083-4611-B099-1B35BFBFE493}.Debug|Any CPU.ActiveCfg = Debug|Any CPU
		{C73404E6-A083-4611-B099-1B35BFBFE493}.Debug|Any CPU.Build.0 = Debug|Any CPU
		{C73404E6-A083-4611-B099-1B35BFBFE493}.Release|Any CPU.ActiveCfg = Release|Any CPU
		{C73404E6-A083-4611-B099-1B35BFBFE493}.Release|Any CPU.Build.0 = Release|Any CPU
		{A5821F0E-32F2-4EC2-868E-4BDF13F5BF18}.Debug|Any CPU.ActiveCfg = Debug|Any CPU
		{A5821F0E-32F2-4EC2-868E-4BDF13F5BF18}.Debug|Any CPU.Build.0 = Debug|Any CPU
		{A5821F0E-32F2-4EC2-868E-4BDF13F5BF18}.Release|Any CPU.ActiveCfg = Release|Any CPU
		{A5821F0E-32F2-4EC2-868E-4BDF13F5BF18}.Release|Any CPU.Build.0 = Release|Any CPU
		{789C3DEB-985F-4185-90F1-E225B72FF1BC}.Debug|Any CPU.ActiveCfg = Debug|Any CPU
		{789C3DEB-985F-4185-90F1-E225B72FF1BC}.Debug|Any CPU.Build.0 = Debug|Any CPU
		{789C3DEB-985F-4185-90F1-E225B72FF1BC}.Release|Any CPU.ActiveCfg = Release|Any CPU
		{789C3DEB-985F-4185-90F1-E225B72FF1BC}.Release|Any CPU.Build.0 = Release|Any CPU
		{3B30ED86-F8BC-4449-8D12-4F7398355841}.Debug|Any CPU.ActiveCfg = Debug|Any CPU
		{3B30ED86-F8BC-4449-8D12-4F7398355841}.Debug|Any CPU.Build.0 = Debug|Any CPU
		{3B30ED86-F8BC-4449-8D12-4F7398355841}.Release|Any CPU.ActiveCfg = Release|Any CPU
		{3B30ED86-F8BC-4449-8D12-4F7398355841}.Release|Any CPU.Build.0 = Release|Any CPU
		{B5641519-EBFE-45A6-B854-F5EDDC0D5A8A}.Debug|Any CPU.ActiveCfg = Debug|Any CPU
		{B5641519-EBFE-45A6-B854-F5EDDC0D5A8A}.Debug|Any CPU.Build.0 = Debug|Any CPU
		{B5641519-EBFE-45A6-B854-F5EDDC0D5A8A}.Release|Any CPU.ActiveCfg = Release|Any CPU
		{B5641519-EBFE-45A6-B854-F5EDDC0D5A8A}.Release|Any CPU.Build.0 = Release|Any CPU
		{5FF92022-6CCC-471E-895F-B75383E1ED24}.Debug|Any CPU.ActiveCfg = Debug|Any CPU
		{5FF92022-6CCC-471E-895F-B75383E1ED24}.Debug|Any CPU.Build.0 = Debug|Any CPU
		{5FF92022-6CCC-471E-895F-B75383E1ED24}.Release|Any CPU.ActiveCfg = Release|Any CPU
		{5FF92022-6CCC-471E-895F-B75383E1ED24}.Release|Any CPU.Build.0 = Release|Any CPU
		{D03DF9AE-0C92-4DBF-9466-0F2E97ADB801}.Debug|Any CPU.ActiveCfg = Debug|Any CPU
		{D03DF9AE-0C92-4DBF-9466-0F2E97ADB801}.Debug|Any CPU.Build.0 = Debug|Any CPU
		{D03DF9AE-0C92-4DBF-9466-0F2E97ADB801}.Release|Any CPU.ActiveCfg = Release|Any CPU
		{D03DF9AE-0C92-4DBF-9466-0F2E97ADB801}.Release|Any CPU.Build.0 = Release|Any CPU
		{9FD296A7-B155-4C63-92E8-54EE2D08653F}.Debug|Any CPU.ActiveCfg = Debug|Any CPU
		{9FD296A7-B155-4C63-92E8-54EE2D08653F}.Debug|Any CPU.Build.0 = Debug|Any CPU
		{9FD296A7-B155-4C63-92E8-54EE2D08653F}.Release|Any CPU.ActiveCfg = Release|Any CPU
		{9FD296A7-B155-4C63-92E8-54EE2D08653F}.Release|Any CPU.Build.0 = Release|Any CPU
		{E85B58CD-3A71-485C-B320-A657A4D5C404}.Debug|Any CPU.ActiveCfg = Debug|Any CPU
		{E85B58CD-3A71-485C-B320-A657A4D5C404}.Debug|Any CPU.Build.0 = Debug|Any CPU
		{E85B58CD-3A71-485C-B320-A657A4D5C404}.Release|Any CPU.ActiveCfg = Release|Any CPU
		{E85B58CD-3A71-485C-B320-A657A4D5C404}.Release|Any CPU.Build.0 = Release|Any CPU
	EndGlobalSection
	GlobalSection(SolutionProperties) = preSolution
		HideSolutionNode = FALSE
	EndGlobalSection
	GlobalSection(ExtensibilityGlobals) = postSolution
		SolutionGuid = {F6199AEE-963C-4F96-800E-D3CD0DEBFE49}
	EndGlobalSection
EndGlobal
