
Microsoft Visual Studio Solution File, Format Version 12.00
# Visual Studio Version 16
VisualStudioVersion = 16.0.31112.23
MinimumVisualStudioVersion = 10.0.40219.1
Project("{FAE04EC0-301F-11D3-BF4B-00C04F79EFBC}") = "OldBooks", "WhileLoopExcercise\OldBooks.csproj", "{DCAC38D8-128B-4E13-ACA3-B9717A6A6008}"
EndProject
Project("{FAE04EC0-301F-11D3-BF4B-00C04F79EFBC}") = "ExamPreparation", "ExamPreparation\ExamPreparation.csproj", "{369F0694-8A00-4087-A523-697375AF201C}"
EndProject
Project("{FAE04EC0-301F-11D3-BF4B-00C04F79EFBC}") = "Vacation", "Vacation\Vacation.csproj", "{3185879F-C15E-43F8-9C8C-EAF8C9155E44}"
EndProject
Project("{FAE04EC0-301F-11D3-BF4B-00C04F79EFBC}") = "Walking", "Walking\Walking.csproj", "{FD665217-8703-41C4-873E-776D1821F83A}"
EndProject
Project("{FAE04EC0-301F-11D3-BF4B-00C04F79EFBC}") = "Coins", "Coins\Coins.csproj", "{84CC39BB-35D8-4530-91C3-5CF01A50C72E}"
EndProject
Project("{FAE04EC0-301F-11D3-BF4B-00C04F79EFBC}") = "Cake", "Cake\Cake.csproj", "{9D2B6C78-E473-4420-AAD3-2BE22CE4C850}"
EndProject
Global
	GlobalSection(SolutionConfigurationPlatforms) = preSolution
		Debug|Any CPU = Debug|Any CPU
		Release|Any CPU = Release|Any CPU
	EndGlobalSection
	GlobalSection(ProjectConfigurationPlatforms) = postSolution
		{DCAC38D8-128B-4E13-ACA3-B9717A6A6008}.Debug|Any CPU.ActiveCfg = Debug|Any CPU
		{DCAC38D8-128B-4E13-ACA3-B9717A6A6008}.Debug|Any CPU.Build.0 = Debug|Any CPU
		{DCAC38D8-128B-4E13-ACA3-B9717A6A6008}.Release|Any CPU.ActiveCfg = Release|Any CPU
		{DCAC38D8-128B-4E13-ACA3-B9717A6A6008}.Release|Any CPU.Build.0 = Release|Any CPU
		{369F0694-8A00-4087-A523-697375AF201C}.Debug|Any CPU.ActiveCfg = Debug|Any CPU
		{369F0694-8A00-4087-A523-697375AF201C}.Debug|Any CPU.Build.0 = Debug|Any CPU
		{369F0694-8A00-4087-A523-697375AF201C}.Release|Any CPU.ActiveCfg = Release|Any CPU
		{369F0694-8A00-4087-A523-697375AF201C}.Release|Any CPU.Build.0 = Release|Any CPU
		{3185879F-C15E-43F8-9C8C-EAF8C9155E44}.Debug|Any CPU.ActiveCfg = Debug|Any CPU
		{3185879F-C15E-43F8-9C8C-EAF8C9155E44}.Debug|Any CPU.Build.0 = Debug|Any CPU
		{3185879F-C15E-43F8-9C8C-EAF8C9155E44}.Release|Any CPU.ActiveCfg = Release|Any CPU
		{3185879F-C15E-43F8-9C8C-EAF8C9155E44}.Release|Any CPU.Build.0 = Release|Any CPU
		{FD665217-8703-41C4-873E-776D1821F83A}.Debug|Any CPU.ActiveCfg = Debug|Any CPU
		{FD665217-8703-41C4-873E-776D1821F83A}.Debug|Any CPU.Build.0 = Debug|Any CPU
		{FD665217-8703-41C4-873E-776D1821F83A}.Release|Any CPU.ActiveCfg = Release|Any CPU
		{FD665217-8703-41C4-873E-776D1821F83A}.Release|Any CPU.Build.0 = Release|Any CPU
		{84CC39BB-35D8-4530-91C3-5CF01A50C72E}.Debug|Any CPU.ActiveCfg = Debug|Any CPU
		{84CC39BB-35D8-4530-91C3-5CF01A50C72E}.Debug|Any CPU.Build.0 = Debug|Any CPU
		{84CC39BB-35D8-4530-91C3-5CF01A50C72E}.Release|Any CPU.ActiveCfg = Release|Any CPU
		{84CC39BB-35D8-4530-91C3-5CF01A50C72E}.Release|Any CPU.Build.0 = Release|Any CPU
		{9D2B6C78-E473-4420-AAD3-2BE22CE4C850}.Debug|Any CPU.ActiveCfg = Debug|Any CPU
		{9D2B6C78-E473-4420-AAD3-2BE22CE4C850}.Debug|Any CPU.Build.0 = Debug|Any CPU
		{9D2B6C78-E473-4420-AAD3-2BE22CE4C850}.Release|Any CPU.ActiveCfg = Release|Any CPU
		{9D2B6C78-E473-4420-AAD3-2BE22CE4C850}.Release|Any CPU.Build.0 = Release|Any CPU
	EndGlobalSection
	GlobalSection(SolutionProperties) = preSolution
		HideSolutionNode = FALSE
	EndGlobalSection
	GlobalSection(ExtensibilityGlobals) = postSolution
		SolutionGuid = {D2B1A16E-2722-4B80-815F-83B5135BA155}
	EndGlobalSection
EndGlobal
