
Microsoft Visual Studio Solution File, Format Version 12.00
# Visual Studio Version 16
VisualStudioVersion = 16.0.31112.23
MinimumVisualStudioVersion = 10.0.40219.1
Project("{FAE04EC0-301F-11D3-BF4B-00C04F79EFBC}") = "ReadText", "WhileLoop\ReadText.csproj", "{77376D5E-EA99-4FC7-83E2-9E9F4EBB4870}"
EndProject
Project("{FAE04EC0-301F-11D3-BF4B-00C04F79EFBC}") = "Password", "Password\Password.csproj", "{B3084903-0A02-4BA8-AA1F-8785F3BC8C08}"
EndProject
Project("{FAE04EC0-301F-11D3-BF4B-00C04F79EFBC}") = "SumNumbers", "SumNumbers\SumNumbers.csproj", "{DAA4C49A-3A4B-4932-952B-B13F477F2CB4}"
EndProject
Project("{FAE04EC0-301F-11D3-BF4B-00C04F79EFBC}") = "Sequence2k+1", "Sequence2k+1\Sequence2k+1.csproj", "{DEEC17E3-AF4D-4CE3-AFCF-DAFB550688E6}"
EndProject
Project("{FAE04EC0-301F-11D3-BF4B-00C04F79EFBC}") = "AccountBalance", "AccountBalance\AccountBalance.csproj", "{C7C0955D-84AA-4B6A-B903-54BDE75A3CFF}"
EndProject
Project("{FAE04EC0-301F-11D3-BF4B-00C04F79EFBC}") = "MaxNumber", "MaxNumber\MaxNumber.csproj", "{3782F0BC-A3BB-49AE-9F9C-2E83D9FA3003}"
EndProject
Project("{FAE04EC0-301F-11D3-BF4B-00C04F79EFBC}") = "MinNumber", "MinNumber\MinNumber.csproj", "{40E6B87F-7314-45C8-ACA7-439E6981A240}"
EndProject
Project("{FAE04EC0-301F-11D3-BF4B-00C04F79EFBC}") = "GraduationPt2", "GraduationPt2\GraduationPt2.csproj", "{6AB797F6-03FA-449E-B4D8-F41ED81CDC82}"
EndProject
Project("{FAE04EC0-301F-11D3-BF4B-00C04F79EFBC}") = "Moving", "Moving\Moving.csproj", "{18BACC2E-F6D9-453C-9EE4-40BE5536A80C}"
EndProject
Global
	GlobalSection(SolutionConfigurationPlatforms) = preSolution
		Debug|Any CPU = Debug|Any CPU
		Release|Any CPU = Release|Any CPU
	EndGlobalSection
	GlobalSection(ProjectConfigurationPlatforms) = postSolution
		{77376D5E-EA99-4FC7-83E2-9E9F4EBB4870}.Debug|Any CPU.ActiveCfg = Debug|Any CPU
		{77376D5E-EA99-4FC7-83E2-9E9F4EBB4870}.Debug|Any CPU.Build.0 = Debug|Any CPU
		{77376D5E-EA99-4FC7-83E2-9E9F4EBB4870}.Release|Any CPU.ActiveCfg = Release|Any CPU
		{77376D5E-EA99-4FC7-83E2-9E9F4EBB4870}.Release|Any CPU.Build.0 = Release|Any CPU
		{B3084903-0A02-4BA8-AA1F-8785F3BC8C08}.Debug|Any CPU.ActiveCfg = Debug|Any CPU
		{B3084903-0A02-4BA8-AA1F-8785F3BC8C08}.Debug|Any CPU.Build.0 = Debug|Any CPU
		{B3084903-0A02-4BA8-AA1F-8785F3BC8C08}.Release|Any CPU.ActiveCfg = Release|Any CPU
		{B3084903-0A02-4BA8-AA1F-8785F3BC8C08}.Release|Any CPU.Build.0 = Release|Any CPU
		{DAA4C49A-3A4B-4932-952B-B13F477F2CB4}.Debug|Any CPU.ActiveCfg = Debug|Any CPU
		{DAA4C49A-3A4B-4932-952B-B13F477F2CB4}.Debug|Any CPU.Build.0 = Debug|Any CPU
		{DAA4C49A-3A4B-4932-952B-B13F477F2CB4}.Release|Any CPU.ActiveCfg = Release|Any CPU
		{DAA4C49A-3A4B-4932-952B-B13F477F2CB4}.Release|Any CPU.Build.0 = Release|Any CPU
		{DEEC17E3-AF4D-4CE3-AFCF-DAFB550688E6}.Debug|Any CPU.ActiveCfg = Debug|Any CPU
		{DEEC17E3-AF4D-4CE3-AFCF-DAFB550688E6}.Debug|Any CPU.Build.0 = Debug|Any CPU
		{DEEC17E3-AF4D-4CE3-AFCF-DAFB550688E6}.Release|Any CPU.ActiveCfg = Release|Any CPU
		{DEEC17E3-AF4D-4CE3-AFCF-DAFB550688E6}.Release|Any CPU.Build.0 = Release|Any CPU
		{C7C0955D-84AA-4B6A-B903-54BDE75A3CFF}.Debug|Any CPU.ActiveCfg = Debug|Any CPU
		{C7C0955D-84AA-4B6A-B903-54BDE75A3CFF}.Debug|Any CPU.Build.0 = Debug|Any CPU
		{C7C0955D-84AA-4B6A-B903-54BDE75A3CFF}.Release|Any CPU.ActiveCfg = Release|Any CPU
		{C7C0955D-84AA-4B6A-B903-54BDE75A3CFF}.Release|Any CPU.Build.0 = Release|Any CPU
		{3782F0BC-A3BB-49AE-9F9C-2E83D9FA3003}.Debug|Any CPU.ActiveCfg = Debug|Any CPU
		{3782F0BC-A3BB-49AE-9F9C-2E83D9FA3003}.Debug|Any CPU.Build.0 = Debug|Any CPU
		{3782F0BC-A3BB-49AE-9F9C-2E83D9FA3003}.Release|Any CPU.ActiveCfg = Release|Any CPU
		{3782F0BC-A3BB-49AE-9F9C-2E83D9FA3003}.Release|Any CPU.Build.0 = Release|Any CPU
		{40E6B87F-7314-45C8-ACA7-439E6981A240}.Debug|Any CPU.ActiveCfg = Debug|Any CPU
		{40E6B87F-7314-45C8-ACA7-439E6981A240}.Debug|Any CPU.Build.0 = Debug|Any CPU
		{40E6B87F-7314-45C8-ACA7-439E6981A240}.Release|Any CPU.ActiveCfg = Release|Any CPU
		{40E6B87F-7314-45C8-ACA7-439E6981A240}.Release|Any CPU.Build.0 = Release|Any CPU
		{6AB797F6-03FA-449E-B4D8-F41ED81CDC82}.Debug|Any CPU.ActiveCfg = Debug|Any CPU
		{6AB797F6-03FA-449E-B4D8-F41ED81CDC82}.Debug|Any CPU.Build.0 = Debug|Any CPU
		{6AB797F6-03FA-449E-B4D8-F41ED81CDC82}.Release|Any CPU.ActiveCfg = Release|Any CPU
		{6AB797F6-03FA-449E-B4D8-F41ED81CDC82}.Release|Any CPU.Build.0 = Release|Any CPU
		{18BACC2E-F6D9-453C-9EE4-40BE5536A80C}.Debug|Any CPU.ActiveCfg = Debug|Any CPU
		{18BACC2E-F6D9-453C-9EE4-40BE5536A80C}.Debug|Any CPU.Build.0 = Debug|Any CPU
		{18BACC2E-F6D9-453C-9EE4-40BE5536A80C}.Release|Any CPU.ActiveCfg = Release|Any CPU
		{18BACC2E-F6D9-453C-9EE4-40BE5536A80C}.Release|Any CPU.Build.0 = Release|Any CPU
	EndGlobalSection
	GlobalSection(SolutionProperties) = preSolution
		HideSolutionNode = FALSE
	EndGlobalSection
	GlobalSection(ExtensibilityGlobals) = postSolution
		SolutionGuid = {FF7B1A4D-E377-451D-8F3C-132570C5447B}
	EndGlobalSection
EndGlobal
