
Microsoft Visual Studio Solution File, Format Version 12.00
# Visual Studio Version 16
VisualStudioVersion = 16.0.31911.196
MinimumVisualStudioVersion = 10.0.40219.1
Project("{FAE04EC0-301F-11D3-BF4B-00C04F79EFBC}") = "EgnChecker", "EgnChecker\EgnChecker.csproj", "{018F14A9-21C1-4EDC-AEB1-4157D770516D}"
EndProject
Global
	GlobalSection(SolutionConfigurationPlatforms) = preSolution
		Debug|Any CPU = Debug|Any CPU
		Release|Any CPU = Release|Any CPU
	EndGlobalSection
	GlobalSection(ProjectConfigurationPlatforms) = postSolution
		{018F14A9-21C1-4EDC-AEB1-4157D770516D}.Debug|Any CPU.ActiveCfg = Debug|Any CPU
		{018F14A9-21C1-4EDC-AEB1-4157D770516D}.Debug|Any CPU.Build.0 = Debug|Any CPU
		{018F14A9-21C1-4EDC-AEB1-4157D770516D}.Release|Any CPU.ActiveCfg = Release|Any CPU
		{018F14A9-21C1-4EDC-AEB1-4157D770516D}.Release|Any CPU.Build.0 = Release|Any CPU
	EndGlobalSection
	GlobalSection(SolutionProperties) = preSolution
		HideSolutionNode = FALSE
	EndGlobalSection
	GlobalSection(ExtensibilityGlobals) = postSolution
		SolutionGuid = {91BE75B6-1D04-4C1F-B441-4F3C2B9926D1}
	EndGlobalSection
EndGlobal
