
Microsoft Visual Studio Solution File, Format Version 12.00
# Visual Studio Version 16
VisualStudioVersion = 16.0.31112.23
MinimumVisualStudioVersion = 10.0.40219.1
Project("{9A19103F-16F7-4668-BE54-9A1E7A4F7556}") = "DayOfWeek", "ConsoleApp1\DayOfWeek.csproj", "{F8CD3C2B-F94C-4D99-9BA2-A0234E7AA8A7}"
EndProject
Project("{9A19103F-16F7-4668-BE54-9A1E7A4F7556}") = "WeekendOrWorkingDay", "WeekendOrWorkingDay\WeekendOrWorkingDay.csproj", "{4C9E1395-D820-4FB2-8904-FBC3BD6AEC83}"
EndProject
Project("{9A19103F-16F7-4668-BE54-9A1E7A4F7556}") = "AnimalType", "AnimalType\AnimalType.csproj", "{95024A5C-4F1F-4C07-BCCB-5606C5BDCCC1}"
EndProject
Project("{9A19103F-16F7-4668-BE54-9A1E7A4F7556}") = "PersonalTitles", "PersonalTitles\PersonalTitles.csproj", "{F83BBF7A-C130-43FA-BF7E-27E56E2B03A6}"
EndProject
Project("{9A19103F-16F7-4668-BE54-9A1E7A4F7556}") = "SmallShop", "SmallShop\SmallShop.csproj", "{DB8D4DDB-BE69-48C1-9F5F-4FE3AD1C8376}"
EndProject
Project("{9A19103F-16F7-4668-BE54-9A1E7A4F7556}") = "NumberInRange", "NumberInRange\NumberInRange.csproj", "{9D5A114B-3DE0-46DC-A321-429C74884475}"
EndProject
Project("{9A19103F-16F7-4668-BE54-9A1E7A4F7556}") = "WorkingHours", "WorkingHours\WorkingHours.csproj", "{8541805F-0BB9-431D-A69F-10793DC9C84D}"
EndProject
Project("{FAE04EC0-301F-11D3-BF4B-00C04F79EFBC}") = "CinemaTicket", "CinemaTicket\CinemaTicket.csproj", "{42F7CAD0-1B90-4A51-859A-479138CD8942}"
EndProject
Project("{FAE04EC0-301F-11D3-BF4B-00C04F79EFBC}") = "FruitOrVegetable", "FruitOrVegetable\FruitOrVegetable.csproj", "{C0D90B2C-B351-413B-A9F9-D2F331ADE98C}"
EndProject
Project("{FAE04EC0-301F-11D3-BF4B-00C04F79EFBC}") = "InvalidNumber", "InvalidNumber\InvalidNumber.csproj", "{A443DDD8-21FE-4F71-A706-434BC2577EB3}"
EndProject
Project("{FAE04EC0-301F-11D3-BF4B-00C04F79EFBC}") = "FruitShop", "FruitShop\FruitShop.csproj", "{5FF13531-8D6A-44E5-815D-CFB585D926F5}"
EndProject
Project("{FAE04EC0-301F-11D3-BF4B-00C04F79EFBC}") = "TradeCommissions", "TradeCommissions\TradeCommissions.csproj", "{3F203CC6-5841-44F1-95A5-B66AC38CD3DA}"
EndProject
Project("{FAE04EC0-301F-11D3-BF4B-00C04F79EFBC}") = "SkiTrip", "SkiTrip\SkiTrip.csproj", "{AAC18C8C-E58F-4EE8-9CBC-9A64BFFE7C7B}"
EndProject
Global
	GlobalSection(SolutionConfigurationPlatforms) = preSolution
		Debug|Any CPU = Debug|Any CPU
		Release|Any CPU = Release|Any CPU
	EndGlobalSection
	GlobalSection(ProjectConfigurationPlatforms) = postSolution
		{F8CD3C2B-F94C-4D99-9BA2-A0234E7AA8A7}.Debug|Any CPU.ActiveCfg = Debug|Any CPU
		{F8CD3C2B-F94C-4D99-9BA2-A0234E7AA8A7}.Debug|Any CPU.Build.0 = Debug|Any CPU
		{F8CD3C2B-F94C-4D99-9BA2-A0234E7AA8A7}.Release|Any CPU.ActiveCfg = Release|Any CPU
		{F8CD3C2B-F94C-4D99-9BA2-A0234E7AA8A7}.Release|Any CPU.Build.0 = Release|Any CPU
		{4C9E1395-D820-4FB2-8904-FBC3BD6AEC83}.Debug|Any CPU.ActiveCfg = Debug|Any CPU
		{4C9E1395-D820-4FB2-8904-FBC3BD6AEC83}.Debug|Any CPU.Build.0 = Debug|Any CPU
		{4C9E1395-D820-4FB2-8904-FBC3BD6AEC83}.Release|Any CPU.ActiveCfg = Release|Any CPU
		{4C9E1395-D820-4FB2-8904-FBC3BD6AEC83}.Release|Any CPU.Build.0 = Release|Any CPU
		{95024A5C-4F1F-4C07-BCCB-5606C5BDCCC1}.Debug|Any CPU.ActiveCfg = Debug|Any CPU
		{95024A5C-4F1F-4C07-BCCB-5606C5BDCCC1}.Debug|Any CPU.Build.0 = Debug|Any CPU
		{95024A5C-4F1F-4C07-BCCB-5606C5BDCCC1}.Release|Any CPU.ActiveCfg = Release|Any CPU
		{95024A5C-4F1F-4C07-BCCB-5606C5BDCCC1}.Release|Any CPU.Build.0 = Release|Any CPU
		{F83BBF7A-C130-43FA-BF7E-27E56E2B03A6}.Debug|Any CPU.ActiveCfg = Debug|Any CPU
		{F83BBF7A-C130-43FA-BF7E-27E56E2B03A6}.Debug|Any CPU.Build.0 = Debug|Any CPU
		{F83BBF7A-C130-43FA-BF7E-27E56E2B03A6}.Release|Any CPU.ActiveCfg = Release|Any CPU
		{F83BBF7A-C130-43FA-BF7E-27E56E2B03A6}.Release|Any CPU.Build.0 = Release|Any CPU
		{DB8D4DDB-BE69-48C1-9F5F-4FE3AD1C8376}.Debug|Any CPU.ActiveCfg = Debug|Any CPU
		{DB8D4DDB-BE69-48C1-9F5F-4FE3AD1C8376}.Debug|Any CPU.Build.0 = Debug|Any CPU
		{DB8D4DDB-BE69-48C1-9F5F-4FE3AD1C8376}.Release|Any CPU.ActiveCfg = Release|Any CPU
		{DB8D4DDB-BE69-48C1-9F5F-4FE3AD1C8376}.Release|Any CPU.Build.0 = Release|Any CPU
		{9D5A114B-3DE0-46DC-A321-429C74884475}.Debug|Any CPU.ActiveCfg = Debug|Any CPU
		{9D5A114B-3DE0-46DC-A321-429C74884475}.Debug|Any CPU.Build.0 = Debug|Any CPU
		{9D5A114B-3DE0-46DC-A321-429C74884475}.Release|Any CPU.ActiveCfg = Release|Any CPU
		{9D5A114B-3DE0-46DC-A321-429C74884475}.Release|Any CPU.Build.0 = Release|Any CPU
		{8541805F-0BB9-431D-A69F-10793DC9C84D}.Debug|Any CPU.ActiveCfg = Debug|Any CPU
		{8541805F-0BB9-431D-A69F-10793DC9C84D}.Debug|Any CPU.Build.0 = Debug|Any CPU
		{8541805F-0BB9-431D-A69F-10793DC9C84D}.Release|Any CPU.ActiveCfg = Release|Any CPU
		{8541805F-0BB9-431D-A69F-10793DC9C84D}.Release|Any CPU.Build.0 = Release|Any CPU
		{42F7CAD0-1B90-4A51-859A-479138CD8942}.Debug|Any CPU.ActiveCfg = Debug|Any CPU
		{42F7CAD0-1B90-4A51-859A-479138CD8942}.Debug|Any CPU.Build.0 = Debug|Any CPU
		{42F7CAD0-1B90-4A51-859A-479138CD8942}.Release|Any CPU.ActiveCfg = Release|Any CPU
		{42F7CAD0-1B90-4A51-859A-479138CD8942}.Release|Any CPU.Build.0 = Release|Any CPU
		{C0D90B2C-B351-413B-A9F9-D2F331ADE98C}.Debug|Any CPU.ActiveCfg = Debug|Any CPU
		{C0D90B2C-B351-413B-A9F9-D2F331ADE98C}.Debug|Any CPU.Build.0 = Debug|Any CPU
		{C0D90B2C-B351-413B-A9F9-D2F331ADE98C}.Release|Any CPU.ActiveCfg = Release|Any CPU
		{C0D90B2C-B351-413B-A9F9-D2F331ADE98C}.Release|Any CPU.Build.0 = Release|Any CPU
		{A443DDD8-21FE-4F71-A706-434BC2577EB3}.Debug|Any CPU.ActiveCfg = Debug|Any CPU
		{A443DDD8-21FE-4F71-A706-434BC2577EB3}.Debug|Any CPU.Build.0 = Debug|Any CPU
		{A443DDD8-21FE-4F71-A706-434BC2577EB3}.Release|Any CPU.ActiveCfg = Release|Any CPU
		{A443DDD8-21FE-4F71-A706-434BC2577EB3}.Release|Any CPU.Build.0 = Release|Any CPU
		{5FF13531-8D6A-44E5-815D-CFB585D926F5}.Debug|Any CPU.ActiveCfg = Debug|Any CPU
		{5FF13531-8D6A-44E5-815D-CFB585D926F5}.Debug|Any CPU.Build.0 = Debug|Any CPU
		{5FF13531-8D6A-44E5-815D-CFB585D926F5}.Release|Any CPU.ActiveCfg = Release|Any CPU
		{5FF13531-8D6A-44E5-815D-CFB585D926F5}.Release|Any CPU.Build.0 = Release|Any CPU
		{3F203CC6-5841-44F1-95A5-B66AC38CD3DA}.Debug|Any CPU.ActiveCfg = Debug|Any CPU
		{3F203CC6-5841-44F1-95A5-B66AC38CD3DA}.Debug|Any CPU.Build.0 = Debug|Any CPU
		{3F203CC6-5841-44F1-95A5-B66AC38CD3DA}.Release|Any CPU.ActiveCfg = Release|Any CPU
		{3F203CC6-5841-44F1-95A5-B66AC38CD3DA}.Release|Any CPU.Build.0 = Release|Any CPU
		{AAC18C8C-E58F-4EE8-9CBC-9A64BFFE7C7B}.Debug|Any CPU.ActiveCfg = Debug|Any CPU
		{AAC18C8C-E58F-4EE8-9CBC-9A64BFFE7C7B}.Debug|Any CPU.Build.0 = Debug|Any CPU
		{AAC18C8C-E58F-4EE8-9CBC-9A64BFFE7C7B}.Release|Any CPU.ActiveCfg = Release|Any CPU
		{AAC18C8C-E58F-4EE8-9CBC-9A64BFFE7C7B}.Release|Any CPU.Build.0 = Release|Any CPU
	EndGlobalSection
	GlobalSection(SolutionProperties) = preSolution
		HideSolutionNode = FALSE
	EndGlobalSection
	GlobalSection(ExtensibilityGlobals) = postSolution
		SolutionGuid = {F711A629-2F2D-4D25-8098-60DB70320949}
	EndGlobalSection
EndGlobal
