
Microsoft Visual Studio Solution File, Format Version 12.00
# Visual Studio Version 16
VisualStudioVersion = 16.0.31410.357
MinimumVisualStudioVersion = 10.0.40219.1
Project("{9A19103F-16F7-4668-BE54-9A1E7A4F7556}") = "AdvertisementMessage", "ObjectsAndClassesExcercise\AdvertisementMessage.csproj", "{FD71DF52-454F-428D-A03A-154516A4F299}"
EndProject
Project("{9A19103F-16F7-4668-BE54-9A1E7A4F7556}") = "Articles", "Articles\Articles.csproj", "{D375FE6C-D2F8-4107-9070-489959411564}"
EndProject
Project("{9A19103F-16F7-4668-BE54-9A1E7A4F7556}") = "Articles2", "Articles2\Articles2.csproj", "{FBBC82BC-952F-4663-84CB-96E8316D26E0}"
EndProject
Project("{9A19103F-16F7-4668-BE54-9A1E7A4F7556}") = "Students", "Students\Students.csproj", "{080AFFBB-F831-4D44-BD8E-61360FD4B4FF}"
EndProject
Project("{9A19103F-16F7-4668-BE54-9A1E7A4F7556}") = "TeamworkProjects", "TeamworkProjects\TeamworkProjects.csproj", "{F9B350B8-1060-408B-8253-6B4E4992AC5B}"
EndProject
Project("{9A19103F-16F7-4668-BE54-9A1E7A4F7556}") = "VehicleCatalogue", "VehicleCatalogue\VehicleCatalogue.csproj", "{52DD3A34-09AC-4F3E-986A-E2D4CEBBF460}"
EndProject
Project("{FAE04EC0-301F-11D3-BF4B-00C04F79EFBC}") = "OrderByAge", "OrderByAge\OrderByAge.csproj", "{F725CB5B-29AD-43E3-B2AA-9641C450FB3A}"
EndProject
Global
	GlobalSection(SolutionConfigurationPlatforms) = preSolution
		Debug|Any CPU = Debug|Any CPU
		Release|Any CPU = Release|Any CPU
	EndGlobalSection
	GlobalSection(ProjectConfigurationPlatforms) = postSolution
		{FD71DF52-454F-428D-A03A-154516A4F299}.Debug|Any CPU.ActiveCfg = Debug|Any CPU
		{FD71DF52-454F-428D-A03A-154516A4F299}.Debug|Any CPU.Build.0 = Debug|Any CPU
		{FD71DF52-454F-428D-A03A-154516A4F299}.Release|Any CPU.ActiveCfg = Release|Any CPU
		{FD71DF52-454F-428D-A03A-154516A4F299}.Release|Any CPU.Build.0 = Release|Any CPU
		{D375FE6C-D2F8-4107-9070-489959411564}.Debug|Any CPU.ActiveCfg = Debug|Any CPU
		{D375FE6C-D2F8-4107-9070-489959411564}.Debug|Any CPU.Build.0 = Debug|Any CPU
		{D375FE6C-D2F8-4107-9070-489959411564}.Release|Any CPU.ActiveCfg = Release|Any CPU
		{D375FE6C-D2F8-4107-9070-489959411564}.Release|Any CPU.Build.0 = Release|Any CPU
		{FBBC82BC-952F-4663-84CB-96E8316D26E0}.Debug|Any CPU.ActiveCfg = Debug|Any CPU
		{FBBC82BC-952F-4663-84CB-96E8316D26E0}.Debug|Any CPU.Build.0 = Debug|Any CPU
		{FBBC82BC-952F-4663-84CB-96E8316D26E0}.Release|Any CPU.ActiveCfg = Release|Any CPU
		{FBBC82BC-952F-4663-84CB-96E8316D26E0}.Release|Any CPU.Build.0 = Release|Any CPU
		{080AFFBB-F831-4D44-BD8E-61360FD4B4FF}.Debug|Any CPU.ActiveCfg = Debug|Any CPU
		{080AFFBB-F831-4D44-BD8E-61360FD4B4FF}.Debug|Any CPU.Build.0 = Debug|Any CPU
		{080AFFBB-F831-4D44-BD8E-61360FD4B4FF}.Release|Any CPU.ActiveCfg = Release|Any CPU
		{080AFFBB-F831-4D44-BD8E-61360FD4B4FF}.Release|Any CPU.Build.0 = Release|Any CPU
		{F9B350B8-1060-408B-8253-6B4E4992AC5B}.Debug|Any CPU.ActiveCfg = Debug|Any CPU
		{F9B350B8-1060-408B-8253-6B4E4992AC5B}.Debug|Any CPU.Build.0 = Debug|Any CPU
		{F9B350B8-1060-408B-8253-6B4E4992AC5B}.Release|Any CPU.ActiveCfg = Release|Any CPU
		{F9B350B8-1060-408B-8253-6B4E4992AC5B}.Release|Any CPU.Build.0 = Release|Any CPU
		{52DD3A34-09AC-4F3E-986A-E2D4CEBBF460}.Debug|Any CPU.ActiveCfg = Debug|Any CPU
		{52DD3A34-09AC-4F3E-986A-E2D4CEBBF460}.Debug|Any CPU.Build.0 = Debug|Any CPU
		{52DD3A34-09AC-4F3E-986A-E2D4CEBBF460}.Release|Any CPU.ActiveCfg = Release|Any CPU
		{52DD3A34-09AC-4F3E-986A-E2D4CEBBF460}.Release|Any CPU.Build.0 = Release|Any CPU
		{F725CB5B-29AD-43E3-B2AA-9641C450FB3A}.Debug|Any CPU.ActiveCfg = Debug|Any CPU
		{F725CB5B-29AD-43E3-B2AA-9641C450FB3A}.Debug|Any CPU.Build.0 = Debug|Any CPU
		{F725CB5B-29AD-43E3-B2AA-9641C450FB3A}.Release|Any CPU.ActiveCfg = Release|Any CPU
		{F725CB5B-29AD-43E3-B2AA-9641C450FB3A}.Release|Any CPU.Build.0 = Release|Any CPU
	EndGlobalSection
	GlobalSection(SolutionProperties) = preSolution
		HideSolutionNode = FALSE
	EndGlobalSection
	GlobalSection(ExtensibilityGlobals) = postSolution
		SolutionGuid = {17F4E43E-246E-4761-8268-A991FD1153E9}
	EndGlobalSection
EndGlobal
