
Microsoft Visual Studio Solution File, Format Version 12.00
# Visual Studio Version 16
VisualStudioVersion = 16.0.31321.278
MinimumVisualStudioVersion = 10.0.40219.1
Project("{FAE04EC0-301F-11D3-BF4B-00C04F79EFBC}") = "DayOfWeek", "ArraysLab\DayOfWeek.csproj", "{B83B8FD5-8F56-4757-A0E4-4A1A10AEEDC7}"
EndProject
Project("{FAE04EC0-301F-11D3-BF4B-00C04F79EFBC}") = "PrintNumbersinReverseOrder", "PrintNumbersinReverseOrder\PrintNumbersinReverseOrder.csproj", "{57DF797F-BD97-4D03-8ADE-32C772C64A13}"
EndProject
Project("{FAE04EC0-301F-11D3-BF4B-00C04F79EFBC}") = "RoundingNumbers", "RoundingNumbers\RoundingNumbers.csproj", "{DBDE5262-2811-4B54-B332-0970BC870786}"
EndProject
Project("{FAE04EC0-301F-11D3-BF4B-00C04F79EFBC}") = "ReverseArrayOfStrings", "ReverseArrayOfStrings\ReverseArrayOfStrings.csproj", "{498A9E0B-9F67-4FE0-ADC4-BF3915A6C4EE}"
EndProject
Project("{FAE04EC0-301F-11D3-BF4B-00C04F79EFBC}") = "SumEvenNumbers", "SumEvenNumbers\SumEvenNumbers.csproj", "{9BE2D97F-799D-40E9-AD2F-0452AEC7AEAE}"
EndProject
Project("{FAE04EC0-301F-11D3-BF4B-00C04F79EFBC}") = "EvenandOddSubtraction", "EvenandOddSubtraction\EvenandOddSubtraction.csproj", "{EEFEC3D6-F105-4C6D-BF2C-0EB827985898}"
EndProject
Project("{FAE04EC0-301F-11D3-BF4B-00C04F79EFBC}") = "EqualArrays", "EqualArrays\EqualArrays.csproj", "{CA786E1F-F0FF-4E1E-BB2F-236D624505FD}"
EndProject
Project("{FAE04EC0-301F-11D3-BF4B-00C04F79EFBC}") = "CondenseArraytoNumber", "CondenseArraytoNumber\CondenseArraytoNumber.csproj", "{7F4AFD3A-7A1D-4159-ACE7-29BC73809766}"
EndProject
Global
	GlobalSection(SolutionConfigurationPlatforms) = preSolution
		Debug|Any CPU = Debug|Any CPU
		Release|Any CPU = Release|Any CPU
	EndGlobalSection
	GlobalSection(ProjectConfigurationPlatforms) = postSolution
		{B83B8FD5-8F56-4757-A0E4-4A1A10AEEDC7}.Debug|Any CPU.ActiveCfg = Debug|Any CPU
		{B83B8FD5-8F56-4757-A0E4-4A1A10AEEDC7}.Debug|Any CPU.Build.0 = Debug|Any CPU
		{B83B8FD5-8F56-4757-A0E4-4A1A10AEEDC7}.Release|Any CPU.ActiveCfg = Release|Any CPU
		{B83B8FD5-8F56-4757-A0E4-4A1A10AEEDC7}.Release|Any CPU.Build.0 = Release|Any CPU
		{57DF797F-BD97-4D03-8ADE-32C772C64A13}.Debug|Any CPU.ActiveCfg = Debug|Any CPU
		{57DF797F-BD97-4D03-8ADE-32C772C64A13}.Debug|Any CPU.Build.0 = Debug|Any CPU
		{57DF797F-BD97-4D03-8ADE-32C772C64A13}.Release|Any CPU.ActiveCfg = Release|Any CPU
		{57DF797F-BD97-4D03-8ADE-32C772C64A13}.Release|Any CPU.Build.0 = Release|Any CPU
		{DBDE5262-2811-4B54-B332-0970BC870786}.Debug|Any CPU.ActiveCfg = Debug|Any CPU
		{DBDE5262-2811-4B54-B332-0970BC870786}.Debug|Any CPU.Build.0 = Debug|Any CPU
		{DBDE5262-2811-4B54-B332-0970BC870786}.Release|Any CPU.ActiveCfg = Release|Any CPU
		{DBDE5262-2811-4B54-B332-0970BC870786}.Release|Any CPU.Build.0 = Release|Any CPU
		{498A9E0B-9F67-4FE0-ADC4-BF3915A6C4EE}.Debug|Any CPU.ActiveCfg = Debug|Any CPU
		{498A9E0B-9F67-4FE0-ADC4-BF3915A6C4EE}.Debug|Any CPU.Build.0 = Debug|Any CPU
		{498A9E0B-9F67-4FE0-ADC4-BF3915A6C4EE}.Release|Any CPU.ActiveCfg = Release|Any CPU
		{498A9E0B-9F67-4FE0-ADC4-BF3915A6C4EE}.Release|Any CPU.Build.0 = Release|Any CPU
		{9BE2D97F-799D-40E9-AD2F-0452AEC7AEAE}.Debug|Any CPU.ActiveCfg = Debug|Any CPU
		{9BE2D97F-799D-40E9-AD2F-0452AEC7AEAE}.Debug|Any CPU.Build.0 = Debug|Any CPU
		{9BE2D97F-799D-40E9-AD2F-0452AEC7AEAE}.Release|Any CPU.ActiveCfg = Release|Any CPU
		{9BE2D97F-799D-40E9-AD2F-0452AEC7AEAE}.Release|Any CPU.Build.0 = Release|Any CPU
		{EEFEC3D6-F105-4C6D-BF2C-0EB827985898}.Debug|Any CPU.ActiveCfg = Debug|Any CPU
		{EEFEC3D6-F105-4C6D-BF2C-0EB827985898}.Debug|Any CPU.Build.0 = Debug|Any CPU
		{EEFEC3D6-F105-4C6D-BF2C-0EB827985898}.Release|Any CPU.ActiveCfg = Release|Any CPU
		{EEFEC3D6-F105-4C6D-BF2C-0EB827985898}.Release|Any CPU.Build.0 = Release|Any CPU
		{CA786E1F-F0FF-4E1E-BB2F-236D624505FD}.Debug|Any CPU.ActiveCfg = Debug|Any CPU
		{CA786E1F-F0FF-4E1E-BB2F-236D624505FD}.Debug|Any CPU.Build.0 = Debug|Any CPU
		{CA786E1F-F0FF-4E1E-BB2F-236D624505FD}.Release|Any CPU.ActiveCfg = Release|Any CPU
		{CA786E1F-F0FF-4E1E-BB2F-236D624505FD}.Release|Any CPU.Build.0 = Release|Any CPU
		{7F4AFD3A-7A1D-4159-ACE7-29BC73809766}.Debug|Any CPU.ActiveCfg = Debug|Any CPU
		{7F4AFD3A-7A1D-4159-ACE7-29BC73809766}.Debug|Any CPU.Build.0 = Debug|Any CPU
		{7F4AFD3A-7A1D-4159-ACE7-29BC73809766}.Release|Any CPU.ActiveCfg = Release|Any CPU
		{7F4AFD3A-7A1D-4159-ACE7-29BC73809766}.Release|Any CPU.Build.0 = Release|Any CPU
	EndGlobalSection
	GlobalSection(SolutionProperties) = preSolution
		HideSolutionNode = FALSE
	EndGlobalSection
	GlobalSection(ExtensibilityGlobals) = postSolution
		SolutionGuid = {60687EBD-78A7-4A02-9F5B-AEA9BF2035DD}
	EndGlobalSection
EndGlobal
