
Microsoft Visual Studio Solution File, Format Version 12.00
# Visual Studio Version 16
VisualStudioVersion = 16.0.31321.278
MinimumVisualStudioVersion = 10.0.40219.1
Project("{9A19103F-16F7-4668-BE54-9A1E7A4F7556}") = "BonusScoringSystem", "MidExamPreparation\BonusScoringSystem.csproj", "{4AB58916-58DB-46C2-8BAA-9ECEF949C77E}"
EndProject
Project("{9A19103F-16F7-4668-BE54-9A1E7A4F7556}") = "MuOnline", "MuOnline\MuOnline.csproj", "{C8254E44-09AD-4A78-B9AA-99C6CE310788}"
EndProject
Project("{9A19103F-16F7-4668-BE54-9A1E7A4F7556}") = "Inventory", "Inventory\Inventory.csproj", "{E82D8AA3-5765-469D-9E0C-CEF8684B17FE}"
EndProject
Project("{9A19103F-16F7-4668-BE54-9A1E7A4F7556}") = "NationalCourt", "NationalCourt\NationalCourt.csproj", "{021283B6-5357-4A4F-8CFB-EED0CBD70516}"
EndProject
Project("{9A19103F-16F7-4668-BE54-9A1E7A4F7556}") = "ShoppingList", "ShoppingList\ShoppingList.csproj", "{1E517E7F-C429-4014-8E14-49C09B8A1247}"
EndProject
Project("{9A19103F-16F7-4668-BE54-9A1E7A4F7556}") = "HeartDelivery", "HeartDelivery\HeartDelivery.csproj", "{AD3D1507-6D5B-4A2F-8862-74931EA44EA3}"
EndProject
Project("{9A19103F-16F7-4668-BE54-9A1E7A4F7556}") = "CounterStrike", "CounterStrike\CounterStrike.csproj", "{27D4FECA-F705-45AD-84C6-A90DCE44DBF3}"
EndProject
Project("{9A19103F-16F7-4668-BE54-9A1E7A4F7556}") = "ShootForTheWin", "ShootForTheWin\ShootForTheWin.csproj", "{CC8080DA-EED2-4410-8390-A831C518EE65}"
EndProject
Project("{9A19103F-16F7-4668-BE54-9A1E7A4F7556}") = "MovingTarget", "MovingTarget\MovingTarget.csproj", "{F2BB9918-AA8D-4FD5-910C-0192A9D3C6CD}"
EndProject
Project("{9A19103F-16F7-4668-BE54-9A1E7A4F7556}") = "ArrayModifier", "ArrayModifier\ArrayModifier.csproj", "{8505DB1A-1D3D-450D-B152-B49DF835A056}"
EndProject
Project("{9A19103F-16F7-4668-BE54-9A1E7A4F7556}") = "Numbers", "Numbers\Numbers.csproj", "{11129F9B-4BA9-499C-9CD2-DFD4504A9108}"
EndProject
Project("{9A19103F-16F7-4668-BE54-9A1E7A4F7556}") = "ComputerStore", "ComputerStore\ComputerStore.csproj", "{6AE938D9-B5A8-4291-9677-7B962309A84D}"
EndProject
Project("{9A19103F-16F7-4668-BE54-9A1E7A4F7556}") = "TheLift", "TheLift\TheLift.csproj", "{71203A04-359A-4C41-8895-C30029ACB02B}"
EndProject
Project("{9A19103F-16F7-4668-BE54-9A1E7A4F7556}") = "MemoryGame", "MemoryGame\MemoryGame.csproj", "{753063F6-5777-4DB6-859D-0EC845A08670}"
EndProject
Project("{FAE04EC0-301F-11D3-BF4B-00C04F79EFBC}") = "BlackFlag", "BlackFlag\BlackFlag.csproj", "{40917079-E57E-4A65-A096-2918A9BD4EE6}"
EndProject
Project("{FAE04EC0-301F-11D3-BF4B-00C04F79EFBC}") = "TreasureHunt", "TreasureHunt\TreasureHunt.csproj", "{61D008B1-4555-4BAA-98CB-D09B6F6D35F7}"
EndProject
Project("{FAE04EC0-301F-11D3-BF4B-00C04F79EFBC}") = "ManOWar", "ManOWar\ManOWar.csproj", "{7A09BBD7-848E-4762-A806-9E01EC2C07D5}"
EndProject
Global
	GlobalSection(SolutionConfigurationPlatforms) = preSolution
		Debug|Any CPU = Debug|Any CPU
		Release|Any CPU = Release|Any CPU
	EndGlobalSection
	GlobalSection(ProjectConfigurationPlatforms) = postSolution
		{4AB58916-58DB-46C2-8BAA-9ECEF949C77E}.Debug|Any CPU.ActiveCfg = Debug|Any CPU
		{4AB58916-58DB-46C2-8BAA-9ECEF949C77E}.Debug|Any CPU.Build.0 = Debug|Any CPU
		{4AB58916-58DB-46C2-8BAA-9ECEF949C77E}.Release|Any CPU.ActiveCfg = Release|Any CPU
		{4AB58916-58DB-46C2-8BAA-9ECEF949C77E}.Release|Any CPU.Build.0 = Release|Any CPU
		{C8254E44-09AD-4A78-B9AA-99C6CE310788}.Debug|Any CPU.ActiveCfg = Debug|Any CPU
		{C8254E44-09AD-4A78-B9AA-99C6CE310788}.Debug|Any CPU.Build.0 = Debug|Any CPU
		{C8254E44-09AD-4A78-B9AA-99C6CE310788}.Release|Any CPU.ActiveCfg = Release|Any CPU
		{C8254E44-09AD-4A78-B9AA-99C6CE310788}.Release|Any CPU.Build.0 = Release|Any CPU
		{E82D8AA3-5765-469D-9E0C-CEF8684B17FE}.Debug|Any CPU.ActiveCfg = Debug|Any CPU
		{E82D8AA3-5765-469D-9E0C-CEF8684B17FE}.Debug|Any CPU.Build.0 = Debug|Any CPU
		{E82D8AA3-5765-469D-9E0C-CEF8684B17FE}.Release|Any CPU.ActiveCfg = Release|Any CPU
		{E82D8AA3-5765-469D-9E0C-CEF8684B17FE}.Release|Any CPU.Build.0 = Release|Any CPU
		{021283B6-5357-4A4F-8CFB-EED0CBD70516}.Debug|Any CPU.ActiveCfg = Debug|Any CPU
		{021283B6-5357-4A4F-8CFB-EED0CBD70516}.Debug|Any CPU.Build.0 = Debug|Any CPU
		{021283B6-5357-4A4F-8CFB-EED0CBD70516}.Release|Any CPU.ActiveCfg = Release|Any CPU
		{021283B6-5357-4A4F-8CFB-EED0CBD70516}.Release|Any CPU.Build.0 = Release|Any CPU
		{1E517E7F-C429-4014-8E14-49C09B8A1247}.Debug|Any CPU.ActiveCfg = Debug|Any CPU
		{1E517E7F-C429-4014-8E14-49C09B8A1247}.Debug|Any CPU.Build.0 = Debug|Any CPU
		{1E517E7F-C429-4014-8E14-49C09B8A1247}.Release|Any CPU.ActiveCfg = Release|Any CPU
		{1E517E7F-C429-4014-8E14-49C09B8A1247}.Release|Any CPU.Build.0 = Release|Any CPU
		{AD3D1507-6D5B-4A2F-8862-74931EA44EA3}.Debug|Any CPU.ActiveCfg = Debug|Any CPU
		{AD3D1507-6D5B-4A2F-8862-74931EA44EA3}.Debug|Any CPU.Build.0 = Debug|Any CPU
		{AD3D1507-6D5B-4A2F-8862-74931EA44EA3}.Release|Any CPU.ActiveCfg = Release|Any CPU
		{AD3D1507-6D5B-4A2F-8862-74931EA44EA3}.Release|Any CPU.Build.0 = Release|Any CPU
		{27D4FECA-F705-45AD-84C6-A90DCE44DBF3}.Debug|Any CPU.ActiveCfg = Debug|Any CPU
		{27D4FECA-F705-45AD-84C6-A90DCE44DBF3}.Debug|Any CPU.Build.0 = Debug|Any CPU
		{27D4FECA-F705-45AD-84C6-A90DCE44DBF3}.Release|Any CPU.ActiveCfg = Release|Any CPU
		{27D4FECA-F705-45AD-84C6-A90DCE44DBF3}.Release|Any CPU.Build.0 = Release|Any CPU
		{CC8080DA-EED2-4410-8390-A831C518EE65}.Debug|Any CPU.ActiveCfg = Debug|Any CPU
		{CC8080DA-EED2-4410-8390-A831C518EE65}.Debug|Any CPU.Build.0 = Debug|Any CPU
		{CC8080DA-EED2-4410-8390-A831C518EE65}.Release|Any CPU.ActiveCfg = Release|Any CPU
		{CC8080DA-EED2-4410-8390-A831C518EE65}.Release|Any CPU.Build.0 = Release|Any CPU
		{F2BB9918-AA8D-4FD5-910C-0192A9D3C6CD}.Debug|Any CPU.ActiveCfg = Debug|Any CPU
		{F2BB9918-AA8D-4FD5-910C-0192A9D3C6CD}.Debug|Any CPU.Build.0 = Debug|Any CPU
		{F2BB9918-AA8D-4FD5-910C-0192A9D3C6CD}.Release|Any CPU.ActiveCfg = Release|Any CPU
		{F2BB9918-AA8D-4FD5-910C-0192A9D3C6CD}.Release|Any CPU.Build.0 = Release|Any CPU
		{8505DB1A-1D3D-450D-B152-B49DF835A056}.Debug|Any CPU.ActiveCfg = Debug|Any CPU
		{8505DB1A-1D3D-450D-B152-B49DF835A056}.Debug|Any CPU.Build.0 = Debug|Any CPU
		{8505DB1A-1D3D-450D-B152-B49DF835A056}.Release|Any CPU.ActiveCfg = Release|Any CPU
		{8505DB1A-1D3D-450D-B152-B49DF835A056}.Release|Any CPU.Build.0 = Release|Any CPU
		{11129F9B-4BA9-499C-9CD2-DFD4504A9108}.Debug|Any CPU.ActiveCfg = Debug|Any CPU
		{11129F9B-4BA9-499C-9CD2-DFD4504A9108}.Debug|Any CPU.Build.0 = Debug|Any CPU
		{11129F9B-4BA9-499C-9CD2-DFD4504A9108}.Release|Any CPU.ActiveCfg = Release|Any CPU
		{11129F9B-4BA9-499C-9CD2-DFD4504A9108}.Release|Any CPU.Build.0 = Release|Any CPU
		{6AE938D9-B5A8-4291-9677-7B962309A84D}.Debug|Any CPU.ActiveCfg = Debug|Any CPU
		{6AE938D9-B5A8-4291-9677-7B962309A84D}.Debug|Any CPU.Build.0 = Debug|Any CPU
		{6AE938D9-B5A8-4291-9677-7B962309A84D}.Release|Any CPU.ActiveCfg = Release|Any CPU
		{6AE938D9-B5A8-4291-9677-7B962309A84D}.Release|Any CPU.Build.0 = Release|Any CPU
		{71203A04-359A-4C41-8895-C30029ACB02B}.Debug|Any CPU.ActiveCfg = Debug|Any CPU
		{71203A04-359A-4C41-8895-C30029ACB02B}.Debug|Any CPU.Build.0 = Debug|Any CPU
		{71203A04-359A-4C41-8895-C30029ACB02B}.Release|Any CPU.ActiveCfg = Release|Any CPU
		{71203A04-359A-4C41-8895-C30029ACB02B}.Release|Any CPU.Build.0 = Release|Any CPU
		{753063F6-5777-4DB6-859D-0EC845A08670}.Debug|Any CPU.ActiveCfg = Debug|Any CPU
		{753063F6-5777-4DB6-859D-0EC845A08670}.Debug|Any CPU.Build.0 = Debug|Any CPU
		{753063F6-5777-4DB6-859D-0EC845A08670}.Release|Any CPU.ActiveCfg = Release|Any CPU
		{753063F6-5777-4DB6-859D-0EC845A08670}.Release|Any CPU.Build.0 = Release|Any CPU
		{40917079-E57E-4A65-A096-2918A9BD4EE6}.Debug|Any CPU.ActiveCfg = Debug|Any CPU
		{40917079-E57E-4A65-A096-2918A9BD4EE6}.Debug|Any CPU.Build.0 = Debug|Any CPU
		{40917079-E57E-4A65-A096-2918A9BD4EE6}.Release|Any CPU.ActiveCfg = Release|Any CPU
		{40917079-E57E-4A65-A096-2918A9BD4EE6}.Release|Any CPU.Build.0 = Release|Any CPU
		{61D008B1-4555-4BAA-98CB-D09B6F6D35F7}.Debug|Any CPU.ActiveCfg = Debug|Any CPU
		{61D008B1-4555-4BAA-98CB-D09B6F6D35F7}.Debug|Any CPU.Build.0 = Debug|Any CPU
		{61D008B1-4555-4BAA-98CB-D09B6F6D35F7}.Release|Any CPU.ActiveCfg = Release|Any CPU
		{61D008B1-4555-4BAA-98CB-D09B6F6D35F7}.Release|Any CPU.Build.0 = Release|Any CPU
		{7A09BBD7-848E-4762-A806-9E01EC2C07D5}.Debug|Any CPU.ActiveCfg = Debug|Any CPU
		{7A09BBD7-848E-4762-A806-9E01EC2C07D5}.Debug|Any CPU.Build.0 = Debug|Any CPU
		{7A09BBD7-848E-4762-A806-9E01EC2C07D5}.Release|Any CPU.ActiveCfg = Release|Any CPU
		{7A09BBD7-848E-4762-A806-9E01EC2C07D5}.Release|Any CPU.Build.0 = Release|Any CPU
	EndGlobalSection
	GlobalSection(SolutionProperties) = preSolution
		HideSolutionNode = FALSE
	EndGlobalSection
	GlobalSection(ExtensibilityGlobals) = postSolution
		SolutionGuid = {022F5E6E-FF17-4076-AA98-96A4EF88DD7A}
	EndGlobalSection
EndGlobal
