
Microsoft Visual Studio Solution File, Format Version 12.00
# Visual Studio Version 16
VisualStudioVersion = 16.0.31112.23
MinimumVisualStudioVersion = 10.0.40219.1
Project("{FAE04EC0-301F-11D3-BF4B-00C04F79EFBC}") = "BackToThePast", "ConsoleApp2\BackToThePast.csproj", "{360303F6-53E0-4DDD-BF4D-4DA9EC0C6F0D}"
EndProject
Project("{FAE04EC0-301F-11D3-BF4B-00C04F79EFBC}") = "Hospital", "Hospital\Hospital.csproj", "{525EDF24-BDF9-479C-A663-13FCDFD4A18A}"
EndProject
Project("{FAE04EC0-301F-11D3-BF4B-00C04F79EFBC}") = "Logistics", "Logistics\Logistics.csproj", "{E065E6CF-05AA-4401-B5E3-0BF6B01BF60F}"
EndProject
Project("{FAE04EC0-301F-11D3-BF4B-00C04F79EFBC}") = "Grades", "Grades\Grades.csproj", "{40AB185A-DD31-4E48-B8BB-E2AED4BCE20B}"
EndProject
Project("{FAE04EC0-301F-11D3-BF4B-00C04F79EFBC}") = "GameOfIntervals", "GameOfIntervals\GameOfIntervals.csproj", "{2494419A-FDD2-4039-9F4B-C625FBC615CE}"
EndProject
Project("{FAE04EC0-301F-11D3-BF4B-00C04F79EFBC}") = "Bills", "Bills\Bills.csproj", "{D58DF46A-5281-4074-A6C5-46315CEC2C6E}"
EndProject
Project("{FAE04EC0-301F-11D3-BF4B-00C04F79EFBC}") = "FootballLeague", "FootballLeague\FootballLeague.csproj", "{D7EF4AB6-6313-4ACD-8FC5-B5F2D2FFD9C4}"
EndProject
Project("{FAE04EC0-301F-11D3-BF4B-00C04F79EFBC}") = "EqualPairs", "EqualPairs\EqualPairs.csproj", "{BE40208A-1517-46FD-A48F-F17D0DD4F508}"
EndProject
Project("{FAE04EC0-301F-11D3-BF4B-00C04F79EFBC}") = "Clock", "Clock\Clock.csproj", "{738ED61A-1CB3-4B16-8F95-4B152309DB14}"
EndProject
Project("{FAE04EC0-301F-11D3-BF4B-00C04F79EFBC}") = "ClockPart2", "ClockPart2\ClockPart2.csproj", "{CA940095-0017-4584-A04B-34823554DCD5}"
EndProject
Global
	GlobalSection(SolutionConfigurationPlatforms) = preSolution
		Debug|Any CPU = Debug|Any CPU
		Release|Any CPU = Release|Any CPU
	EndGlobalSection
	GlobalSection(ProjectConfigurationPlatforms) = postSolution
		{360303F6-53E0-4DDD-BF4D-4DA9EC0C6F0D}.Debug|Any CPU.ActiveCfg = Debug|Any CPU
		{360303F6-53E0-4DDD-BF4D-4DA9EC0C6F0D}.Debug|Any CPU.Build.0 = Debug|Any CPU
		{360303F6-53E0-4DDD-BF4D-4DA9EC0C6F0D}.Release|Any CPU.ActiveCfg = Release|Any CPU
		{360303F6-53E0-4DDD-BF4D-4DA9EC0C6F0D}.Release|Any CPU.Build.0 = Release|Any CPU
		{525EDF24-BDF9-479C-A663-13FCDFD4A18A}.Debug|Any CPU.ActiveCfg = Debug|Any CPU
		{525EDF24-BDF9-479C-A663-13FCDFD4A18A}.Debug|Any CPU.Build.0 = Debug|Any CPU
		{525EDF24-BDF9-479C-A663-13FCDFD4A18A}.Release|Any CPU.ActiveCfg = Release|Any CPU
		{525EDF24-BDF9-479C-A663-13FCDFD4A18A}.Release|Any CPU.Build.0 = Release|Any CPU
		{E065E6CF-05AA-4401-B5E3-0BF6B01BF60F}.Debug|Any CPU.ActiveCfg = Debug|Any CPU
		{E065E6CF-05AA-4401-B5E3-0BF6B01BF60F}.Debug|Any CPU.Build.0 = Debug|Any CPU
		{E065E6CF-05AA-4401-B5E3-0BF6B01BF60F}.Release|Any CPU.ActiveCfg = Release|Any CPU
		{E065E6CF-05AA-4401-B5E3-0BF6B01BF60F}.Release|Any CPU.Build.0 = Release|Any CPU
		{40AB185A-DD31-4E48-B8BB-E2AED4BCE20B}.Debug|Any CPU.ActiveCfg = Debug|Any CPU
		{40AB185A-DD31-4E48-B8BB-E2AED4BCE20B}.Debug|Any CPU.Build.0 = Debug|Any CPU
		{40AB185A-DD31-4E48-B8BB-E2AED4BCE20B}.Release|Any CPU.ActiveCfg = Release|Any CPU
		{40AB185A-DD31-4E48-B8BB-E2AED4BCE20B}.Release|Any CPU.Build.0 = Release|Any CPU
		{2494419A-FDD2-4039-9F4B-C625FBC615CE}.Debug|Any CPU.ActiveCfg = Debug|Any CPU
		{2494419A-FDD2-4039-9F4B-C625FBC615CE}.Debug|Any CPU.Build.0 = Debug|Any CPU
		{2494419A-FDD2-4039-9F4B-C625FBC615CE}.Release|Any CPU.ActiveCfg = Release|Any CPU
		{2494419A-FDD2-4039-9F4B-C625FBC615CE}.Release|Any CPU.Build.0 = Release|Any CPU
		{D58DF46A-5281-4074-A6C5-46315CEC2C6E}.Debug|Any CPU.ActiveCfg = Debug|Any CPU
		{D58DF46A-5281-4074-A6C5-46315CEC2C6E}.Debug|Any CPU.Build.0 = Debug|Any CPU
		{D58DF46A-5281-4074-A6C5-46315CEC2C6E}.Release|Any CPU.ActiveCfg = Release|Any CPU
		{D58DF46A-5281-4074-A6C5-46315CEC2C6E}.Release|Any CPU.Build.0 = Release|Any CPU
		{D7EF4AB6-6313-4ACD-8FC5-B5F2D2FFD9C4}.Debug|Any CPU.ActiveCfg = Debug|Any CPU
		{D7EF4AB6-6313-4ACD-8FC5-B5F2D2FFD9C4}.Debug|Any CPU.Build.0 = Debug|Any CPU
		{D7EF4AB6-6313-4ACD-8FC5-B5F2D2FFD9C4}.Release|Any CPU.ActiveCfg = Release|Any CPU
		{D7EF4AB6-6313-4ACD-8FC5-B5F2D2FFD9C4}.Release|Any CPU.Build.0 = Release|Any CPU
		{BE40208A-1517-46FD-A48F-F17D0DD4F508}.Debug|Any CPU.ActiveCfg = Debug|Any CPU
		{BE40208A-1517-46FD-A48F-F17D0DD4F508}.Debug|Any CPU.Build.0 = Debug|Any CPU
		{BE40208A-1517-46FD-A48F-F17D0DD4F508}.Release|Any CPU.ActiveCfg = Release|Any CPU
		{BE40208A-1517-46FD-A48F-F17D0DD4F508}.Release|Any CPU.Build.0 = Release|Any CPU
		{738ED61A-1CB3-4B16-8F95-4B152309DB14}.Debug|Any CPU.ActiveCfg = Debug|Any CPU
		{738ED61A-1CB3-4B16-8F95-4B152309DB14}.Debug|Any CPU.Build.0 = Debug|Any CPU
		{738ED61A-1CB3-4B16-8F95-4B152309DB14}.Release|Any CPU.ActiveCfg = Release|Any CPU
		{738ED61A-1CB3-4B16-8F95-4B152309DB14}.Release|Any CPU.Build.0 = Release|Any CPU
		{CA940095-0017-4584-A04B-34823554DCD5}.Debug|Any CPU.ActiveCfg = Debug|Any CPU
		{CA940095-0017-4584-A04B-34823554DCD5}.Debug|Any CPU.Build.0 = Debug|Any CPU
		{CA940095-0017-4584-A04B-34823554DCD5}.Release|Any CPU.ActiveCfg = Release|Any CPU
		{CA940095-0017-4584-A04B-34823554DCD5}.Release|Any CPU.Build.0 = Release|Any CPU
	EndGlobalSection
	GlobalSection(SolutionProperties) = preSolution
		HideSolutionNode = FALSE
	EndGlobalSection
	GlobalSection(ExtensibilityGlobals) = postSolution
		SolutionGuid = {416A7016-423D-4D55-A935-806FCBB73EAD}
	EndGlobalSection
EndGlobal
