
Microsoft Visual Studio Solution File, Format Version 12.00
# Visual Studio Version 16
VisualStudioVersion = 16.0.31727.386
MinimumVisualStudioVersion = 10.0.40219.1
Project("{9A19103F-16F7-4668-BE54-9A1E7A4F7556}") = "Masterchef", "AdvancedExamPreparation\Masterchef.csproj", "{1871CAA0-85CB-4C10-8851-D3244C45066C}"
EndProject
Project("{9A19103F-16F7-4668-BE54-9A1E7A4F7556}") = "Survivor", "Survivor\Survivor.csproj", "{B764ABB1-0071-49C0-AE46-62376678F1C9}"
EndProject
Project("{9A19103F-16F7-4668-BE54-9A1E7A4F7556}") = "LootBox", "LootBox\LootBox.csproj", "{A7A195DD-C95C-4142-A761-592E63582670}"
EndProject
Project("{9A19103F-16F7-4668-BE54-9A1E7A4F7556}") = "Re-Volt", "Re-Volt\Re-Volt.csproj", "{ABC2884D-0B1E-43AB-931B-A821F6316880}"
EndProject
Project("{9A19103F-16F7-4668-BE54-9A1E7A4F7556}") = "WarmWinter", "WarmWinter\WarmWinter.csproj", "{30793FE8-69E5-4268-B972-857FE3D163AC}"
EndProject
Project("{9A19103F-16F7-4668-BE54-9A1E7A4F7556}") = "SuperMario", "SuperMario\SuperMario.csproj", "{8F75915E-EFC5-4ADD-B5FD-776972D42A67}"
EndProject
Project("{9A19103F-16F7-4668-BE54-9A1E7A4F7556}") = "TheFightForGondor", "TheFightForGondor\TheFightForGondor.csproj", "{5AAC30A8-1CB3-42FC-9508-3DD7F11B7F2B}"
EndProject
Project("{9A19103F-16F7-4668-BE54-9A1E7A4F7556}") = "Warships", "Warships\Warships.csproj", "{0B11E671-5155-4059-B48A-98F3177CD0CF}"
EndProject
Project("{9A19103F-16F7-4668-BE54-9A1E7A4F7556}") = "Selling", "Selling\Selling.csproj", "{4438CA8F-3C6D-4D10-99A4-850E4E1BFC01}"
EndProject
Project("{9A19103F-16F7-4668-BE54-9A1E7A4F7556}") = "Cooking", "Cooking\Cooking.csproj", "{8CC5B069-CC66-4474-BCE7-A32986906E8A}"
EndProject
Project("{FAE04EC0-301F-11D3-BF4B-00C04F79EFBC}") = "Scheduling", "Scheduling\Scheduling.csproj", "{C07F0C55-74DF-4B77-8620-1DF76650FE21}"
EndProject
Project("{FAE04EC0-301F-11D3-BF4B-00C04F79EFBC}") = "Garden", "Garden\Garden.csproj", "{D5CB29EE-B019-44EE-B2C0-60E00E457E41}"
EndProject
Global
	GlobalSection(SolutionConfigurationPlatforms) = preSolution
		Debug|Any CPU = Debug|Any CPU
		Release|Any CPU = Release|Any CPU
	EndGlobalSection
	GlobalSection(ProjectConfigurationPlatforms) = postSolution
		{1871CAA0-85CB-4C10-8851-D3244C45066C}.Debug|Any CPU.ActiveCfg = Debug|Any CPU
		{1871CAA0-85CB-4C10-8851-D3244C45066C}.Debug|Any CPU.Build.0 = Debug|Any CPU
		{1871CAA0-85CB-4C10-8851-D3244C45066C}.Release|Any CPU.ActiveCfg = Release|Any CPU
		{1871CAA0-85CB-4C10-8851-D3244C45066C}.Release|Any CPU.Build.0 = Release|Any CPU
		{B764ABB1-0071-49C0-AE46-62376678F1C9}.Debug|Any CPU.ActiveCfg = Debug|Any CPU
		{B764ABB1-0071-49C0-AE46-62376678F1C9}.Debug|Any CPU.Build.0 = Debug|Any CPU
		{B764ABB1-0071-49C0-AE46-62376678F1C9}.Release|Any CPU.ActiveCfg = Release|Any CPU
		{B764ABB1-0071-49C0-AE46-62376678F1C9}.Release|Any CPU.Build.0 = Release|Any CPU
		{A7A195DD-C95C-4142-A761-592E63582670}.Debug|Any CPU.ActiveCfg = Debug|Any CPU
		{A7A195DD-C95C-4142-A761-592E63582670}.Debug|Any CPU.Build.0 = Debug|Any CPU
		{A7A195DD-C95C-4142-A761-592E63582670}.Release|Any CPU.ActiveCfg = Release|Any CPU
		{A7A195DD-C95C-4142-A761-592E63582670}.Release|Any CPU.Build.0 = Release|Any CPU
		{ABC2884D-0B1E-43AB-931B-A821F6316880}.Debug|Any CPU.ActiveCfg = Debug|Any CPU
		{ABC2884D-0B1E-43AB-931B-A821F6316880}.Debug|Any CPU.Build.0 = Debug|Any CPU
		{ABC2884D-0B1E-43AB-931B-A821F6316880}.Release|Any CPU.ActiveCfg = Release|Any CPU
		{ABC2884D-0B1E-43AB-931B-A821F6316880}.Release|Any CPU.Build.0 = Release|Any CPU
		{30793FE8-69E5-4268-B972-857FE3D163AC}.Debug|Any CPU.ActiveCfg = Debug|Any CPU
		{30793FE8-69E5-4268-B972-857FE3D163AC}.Debug|Any CPU.Build.0 = Debug|Any CPU
		{30793FE8-69E5-4268-B972-857FE3D163AC}.Release|Any CPU.ActiveCfg = Release|Any CPU
		{30793FE8-69E5-4268-B972-857FE3D163AC}.Release|Any CPU.Build.0 = Release|Any CPU
		{8F75915E-EFC5-4ADD-B5FD-776972D42A67}.Debug|Any CPU.ActiveCfg = Debug|Any CPU
		{8F75915E-EFC5-4ADD-B5FD-776972D42A67}.Debug|Any CPU.Build.0 = Debug|Any CPU
		{8F75915E-EFC5-4ADD-B5FD-776972D42A67}.Release|Any CPU.ActiveCfg = Release|Any CPU
		{8F75915E-EFC5-4ADD-B5FD-776972D42A67}.Release|Any CPU.Build.0 = Release|Any CPU
		{5AAC30A8-1CB3-42FC-9508-3DD7F11B7F2B}.Debug|Any CPU.ActiveCfg = Debug|Any CPU
		{5AAC30A8-1CB3-42FC-9508-3DD7F11B7F2B}.Debug|Any CPU.Build.0 = Debug|Any CPU
		{5AAC30A8-1CB3-42FC-9508-3DD7F11B7F2B}.Release|Any CPU.ActiveCfg = Release|Any CPU
		{5AAC30A8-1CB3-42FC-9508-3DD7F11B7F2B}.Release|Any CPU.Build.0 = Release|Any CPU
		{0B11E671-5155-4059-B48A-98F3177CD0CF}.Debug|Any CPU.ActiveCfg = Debug|Any CPU
		{0B11E671-5155-4059-B48A-98F3177CD0CF}.Debug|Any CPU.Build.0 = Debug|Any CPU
		{0B11E671-5155-4059-B48A-98F3177CD0CF}.Release|Any CPU.ActiveCfg = Release|Any CPU
		{0B11E671-5155-4059-B48A-98F3177CD0CF}.Release|Any CPU.Build.0 = Release|Any CPU
		{4438CA8F-3C6D-4D10-99A4-850E4E1BFC01}.Debug|Any CPU.ActiveCfg = Debug|Any CPU
		{4438CA8F-3C6D-4D10-99A4-850E4E1BFC01}.Debug|Any CPU.Build.0 = Debug|Any CPU
		{4438CA8F-3C6D-4D10-99A4-850E4E1BFC01}.Release|Any CPU.ActiveCfg = Release|Any CPU
		{4438CA8F-3C6D-4D10-99A4-850E4E1BFC01}.Release|Any CPU.Build.0 = Release|Any CPU
		{8CC5B069-CC66-4474-BCE7-A32986906E8A}.Debug|Any CPU.ActiveCfg = Debug|Any CPU
		{8CC5B069-CC66-4474-BCE7-A32986906E8A}.Debug|Any CPU.Build.0 = Debug|Any CPU
		{8CC5B069-CC66-4474-BCE7-A32986906E8A}.Release|Any CPU.ActiveCfg = Release|Any CPU
		{8CC5B069-CC66-4474-BCE7-A32986906E8A}.Release|Any CPU.Build.0 = Release|Any CPU
		{C07F0C55-74DF-4B77-8620-1DF76650FE21}.Debug|Any CPU.ActiveCfg = Debug|Any CPU
		{C07F0C55-74DF-4B77-8620-1DF76650FE21}.Debug|Any CPU.Build.0 = Debug|Any CPU
		{C07F0C55-74DF-4B77-8620-1DF76650FE21}.Release|Any CPU.ActiveCfg = Release|Any CPU
		{C07F0C55-74DF-4B77-8620-1DF76650FE21}.Release|Any CPU.Build.0 = Release|Any CPU
		{D5CB29EE-B019-44EE-B2C0-60E00E457E41}.Debug|Any CPU.ActiveCfg = Debug|Any CPU
		{D5CB29EE-B019-44EE-B2C0-60E00E457E41}.Debug|Any CPU.Build.0 = Debug|Any CPU
		{D5CB29EE-B019-44EE-B2C0-60E00E457E41}.Release|Any CPU.ActiveCfg = Release|Any CPU
		{D5CB29EE-B019-44EE-B2C0-60E00E457E41}.Release|Any CPU.Build.0 = Release|Any CPU
	EndGlobalSection
	GlobalSection(SolutionProperties) = preSolution
		HideSolutionNode = FALSE
	EndGlobalSection
	GlobalSection(ExtensibilityGlobals) = postSolution
		SolutionGuid = {1BAF3A08-9ED0-4E6B-B2A2-FDDCFAC71645}
	EndGlobalSection
EndGlobal
