
Microsoft Visual Studio Solution File, Format Version 12.00
# Visual Studio Version 16
VisualStudioVersion = 16.0.31729.503
MinimumVisualStudioVersion = 10.0.40219.1
Project("{FAE04EC0-301F-11D3-BF4B-00C04F79EFBC}") = "PersonsInfo", "EncapsulationLab\PersonsInfo.csproj", "{29435642-1DD9-450C-9F0E-D2F95D7ECF79}"
EndProject
Global
	GlobalSection(SolutionConfigurationPlatforms) = preSolution
		Debug|Any CPU = Debug|Any CPU
		Release|Any CPU = Release|Any CPU
	EndGlobalSection
	GlobalSection(ProjectConfigurationPlatforms) = postSolution
		{29435642-1DD9-450C-9F0E-D2F95D7ECF79}.Debug|Any CPU.ActiveCfg = Debug|Any CPU
		{29435642-1DD9-450C-9F0E-D2F95D7ECF79}.Debug|Any CPU.Build.0 = Debug|Any CPU
		{29435642-1DD9-450C-9F0E-D2F95D7ECF79}.Release|Any CPU.ActiveCfg = Release|Any CPU
		{29435642-1DD9-450C-9F0E-D2F95D7ECF79}.Release|Any CPU.Build.0 = Release|Any CPU
	EndGlobalSection
	GlobalSection(SolutionProperties) = preSolution
		HideSolutionNode = FALSE
	EndGlobalSection
	GlobalSection(ExtensibilityGlobals) = postSolution
		SolutionGuid = {76D6D315-9F37-41B2-9CEB-8EA986EEE733}
	EndGlobalSection
EndGlobal
