
Microsoft Visual Studio Solution File, Format Version 12.00
# Visual Studio Version 16
VisualStudioVersion = 16.0.31829.152
MinimumVisualStudioVersion = 10.0.40219.1
Project("{FAE04EC0-301F-11D3-BF4B-00C04F79EFBC}") = "Vehicles", "PolymorphismExercise\Vehicles.csproj", "{4327CAAD-9905-41CF-AB00-78EC2FFC12B7}"
EndProject
Project("{FAE04EC0-301F-11D3-BF4B-00C04F79EFBC}") = "WildFarm", "WildFarm\WildFarm.csproj", "{D74DCB5F-3862-49A8-88A8-615302202FBE}"
EndProject
Global
	GlobalSection(SolutionConfigurationPlatforms) = preSolution
		Debug|Any CPU = Debug|Any CPU
		Release|Any CPU = Release|Any CPU
	EndGlobalSection
	GlobalSection(ProjectConfigurationPlatforms) = postSolution
		{4327CAAD-9905-41CF-AB00-78EC2FFC12B7}.Debug|Any CPU.ActiveCfg = Debug|Any CPU
		{4327CAAD-9905-41CF-AB00-78EC2FFC12B7}.Debug|Any CPU.Build.0 = Debug|Any CPU
		{4327CAAD-9905-41CF-AB00-78EC2FFC12B7}.Release|Any CPU.ActiveCfg = Release|Any CPU
		{4327CAAD-9905-41CF-AB00-78EC2FFC12B7}.Release|Any CPU.Build.0 = Release|Any CPU
		{D74DCB5F-3862-49A8-88A8-615302202FBE}.Debug|Any CPU.ActiveCfg = Debug|Any CPU
		{D74DCB5F-3862-49A8-88A8-615302202FBE}.Debug|Any CPU.Build.0 = Debug|Any CPU
		{D74DCB5F-3862-49A8-88A8-615302202FBE}.Release|Any CPU.ActiveCfg = Release|Any CPU
		{D74DCB5F-3862-49A8-88A8-615302202FBE}.Release|Any CPU.Build.0 = Release|Any CPU
	EndGlobalSection
	GlobalSection(SolutionProperties) = preSolution
		HideSolutionNode = FALSE
	EndGlobalSection
	GlobalSection(ExtensibilityGlobals) = postSolution
		SolutionGuid = {BF01CF9A-1B3E-40FB-B422-8F9453DD4F47}
	EndGlobalSection
EndGlobal
