
Microsoft Visual Studio Solution File, Format Version 12.00
# Visual Studio Version 16
VisualStudioVersion = 16.0.31321.278
MinimumVisualStudioVersion = 10.0.40219.1
Project("{9A19103F-16F7-4668-BE54-9A1E7A4F7556}") = "DataTypes", "MethodsMoreExcercise\DataTypes.csproj", "{0604F923-1BFE-43C9-86F7-3409A47EABA2}"
EndProject
Project("{9A19103F-16F7-4668-BE54-9A1E7A4F7556}") = "CenterPoint", "CenterPoint\CenterPoint.csproj", "{2CEE12D9-D6F4-4AAD-8AF0-DB8F0787D694}"
EndProject
Project("{9A19103F-16F7-4668-BE54-9A1E7A4F7556}") = "MultiplicationSign", "MultiplicationSign\MultiplicationSign.csproj", "{B8D13627-87D8-4A2C-A67A-4EFF00B46581}"
EndProject
Project("{9A19103F-16F7-4668-BE54-9A1E7A4F7556}") = "TribonacciSequence", "TribonacciSequence\TribonacciSequence.csproj", "{1A900BE5-DF3A-4EB0-9A15-0488276BBEE6}"
EndProject
Project("{FAE04EC0-301F-11D3-BF4B-00C04F79EFBC}") = "LongerLine", "LongerLine\LongerLine.csproj", "{7BEA35B2-2D35-4A50-A0D7-F7D52F365B54}"
EndProject
Global
	GlobalSection(SolutionConfigurationPlatforms) = preSolution
		Debug|Any CPU = Debug|Any CPU
		Release|Any CPU = Release|Any CPU
	EndGlobalSection
	GlobalSection(ProjectConfigurationPlatforms) = postSolution
		{0604F923-1BFE-43C9-86F7-3409A47EABA2}.Debug|Any CPU.ActiveCfg = Debug|Any CPU
		{0604F923-1BFE-43C9-86F7-3409A47EABA2}.Debug|Any CPU.Build.0 = Debug|Any CPU
		{0604F923-1BFE-43C9-86F7-3409A47EABA2}.Release|Any CPU.ActiveCfg = Release|Any CPU
		{0604F923-1BFE-43C9-86F7-3409A47EABA2}.Release|Any CPU.Build.0 = Release|Any CPU
		{2CEE12D9-D6F4-4AAD-8AF0-DB8F0787D694}.Debug|Any CPU.ActiveCfg = Debug|Any CPU
		{2CEE12D9-D6F4-4AAD-8AF0-DB8F0787D694}.Debug|Any CPU.Build.0 = Debug|Any CPU
		{2CEE12D9-D6F4-4AAD-8AF0-DB8F0787D694}.Release|Any CPU.ActiveCfg = Release|Any CPU
		{2CEE12D9-D6F4-4AAD-8AF0-DB8F0787D694}.Release|Any CPU.Build.0 = Release|Any CPU
		{B8D13627-87D8-4A2C-A67A-4EFF00B46581}.Debug|Any CPU.ActiveCfg = Debug|Any CPU
		{B8D13627-87D8-4A2C-A67A-4EFF00B46581}.Debug|Any CPU.Build.0 = Debug|Any CPU
		{B8D13627-87D8-4A2C-A67A-4EFF00B46581}.Release|Any CPU.ActiveCfg = Release|Any CPU
		{B8D13627-87D8-4A2C-A67A-4EFF00B46581}.Release|Any CPU.Build.0 = Release|Any CPU
		{1A900BE5-DF3A-4EB0-9A15-0488276BBEE6}.Debug|Any CPU.ActiveCfg = Debug|Any CPU
		{1A900BE5-DF3A-4EB0-9A15-0488276BBEE6}.Debug|Any CPU.Build.0 = Debug|Any CPU
		{1A900BE5-DF3A-4EB0-9A15-0488276BBEE6}.Release|Any CPU.ActiveCfg = Release|Any CPU
		{1A900BE5-DF3A-4EB0-9A15-0488276BBEE6}.Release|Any CPU.Build.0 = Release|Any CPU
		{7BEA35B2-2D35-4A50-A0D7-F7D52F365B54}.Debug|Any CPU.ActiveCfg = Debug|Any CPU
		{7BEA35B2-2D35-4A50-A0D7-F7D52F365B54}.Debug|Any CPU.Build.0 = Debug|Any CPU
		{7BEA35B2-2D35-4A50-A0D7-F7D52F365B54}.Release|Any CPU.ActiveCfg = Release|Any CPU
		{7BEA35B2-2D35-4A50-A0D7-F7D52F365B54}.Release|Any CPU.Build.0 = Release|Any CPU
	EndGlobalSection
	GlobalSection(SolutionProperties) = preSolution
		HideSolutionNode = FALSE
	EndGlobalSection
	GlobalSection(ExtensibilityGlobals) = postSolution
		SolutionGuid = {8FF3DC17-074E-4F2A-8838-710BFA5E713C}
	EndGlobalSection
EndGlobal
